PODS:
  - Alamofire (4.7.1)
  - KeychainAccess (3.1.0)
  - Reachability (3.2)
  - Swift.Json (1.7.0)
  - SwiftyTimer (2.0.0)

DEPENDENCIES:
  - Alamofire
  - KeychainAccess
  - Reachability
  - Swift.Json
  - SwiftyTimer

SPEC CHECKSUMS:
  Alamofire: 68d7d521118d49c615a8d2214d87cdf525599d30
  KeychainAccess: 94c5540b32eabf7bc32bfb976a268e8ea05fd6da
  Reachability: 33e18b67625424e47b6cde6d202dce689ad7af96
  Swift.Json: 068e05d5eb59321d740512319cfc08cc1448b44c
  SwiftyTimer: 2efd74b060d69ad4f1496baf5bbedbe132125fcf

PODFILE CHECKSUM: 067cc8bb9aab02d9733f6a26b0ded8b813f803ea

COCOAPODS: 1.4.0
