// !$*UTF8*$!
{
	archiveVersion = 1;
	classes = {
	};
	objectVersion = 50;
	objects = {

/* Begin PBXBuildFile section */
		09CA81D2BC7620A851064041 /* Pods_Redmine.framework in Frameworks */ = {isa = PBXBuildFile; fileRef = F62BF0AE5D0B7455DB116132 /* Pods_Redmine.framework */; };
		7111F2652081A560003AD03E /* AppDelegate.swift in Sources */ = {isa = PBXBuildFile; fileRef = 7111F2642081A560003AD03E /* AppDelegate.swift */; };
		7111F2672081A560003AD03E /* LoginViewController.swift in Sources */ = {isa = PBXBuildFile; fileRef = 7111F2662081A560003AD03E /* LoginViewController.swift */; };
		7111F26A2081A560003AD03E /* Login.storyboard in Resources */ = {isa = PBXBuildFile; fileRef = 7111F2682081A560003AD03E /* Login.storyboard */; };
		7111F26C2081A562003AD03E /* Assets.xcassets in Resources */ = {isa = PBXBuildFile; fileRef = 7111F26B2081A562003AD03E /* Assets.xcassets */; };
		7111F26F2081A562003AD03E /* LaunchScreen.storyboard in Resources */ = {isa = PBXBuildFile; fileRef = 7111F26D2081A562003AD03E /* LaunchScreen.storyboard */; };
		7111F27D2081A73C003AD03E /* UIViewController+instantiate.swift in Sources */ = {isa = PBXBuildFile; fileRef = 7111F27C2081A73C003AD03E /* UIViewController+instantiate.swift */; };
		7111F27F2081A751003AD03E /* NSObject+className.swift in Sources */ = {isa = PBXBuildFile; fileRef = 7111F27E2081A751003AD03E /* NSObject+className.swift */; };
		7111F2822081AB71003AD03E /* Request.swift in Sources */ = {isa = PBXBuildFile; fileRef = 7111F2812081AB71003AD03E /* Request.swift */; };
		7111F2852081B0C0003AD03E /* GlobalFunc.swift in Sources */ = {isa = PBXBuildFile; fileRef = 7111F2842081B0C0003AD03E /* GlobalFunc.swift */; };
		7111F2882081B78C003AD03E /* Ambients.swift in Sources */ = {isa = PBXBuildFile; fileRef = 7111F2872081B78C003AD03E /* Ambients.swift */; };
		71A310FA2081BCCB00D79771 /* SessionController.swift in Sources */ = {isa = PBXBuildFile; fileRef = 71A310F92081BCCB00D79771 /* SessionController.swift */; };
		71A3110220824CA600D79771 /* ProjectsResult.swift in Sources */ = {isa = PBXBuildFile; fileRef = 71A3110120824CA600D79771 /* ProjectsResult.swift */; };
		71A3110420824D6700D79771 /* Project.swift in Sources */ = {isa = PBXBuildFile; fileRef = 71A3110320824D6700D79771 /* Project.swift */; };
		71A3110720824E3F00D79771 /* ApiResultProcessor.swift in Sources */ = {isa = PBXBuildFile; fileRef = 71A3110620824E3F00D79771 /* ApiResultProcessor.swift */; };
		71D6ABA32082C42B00FE5447 /* ProjectsViewController.swift in Sources */ = {isa = PBXBuildFile; fileRef = 71D6ABA22082C42B00FE5447 /* ProjectsViewController.swift */; };
		71D6ABA62082C54D00FE5447 /* ProjectsSection.swift in Sources */ = {isa = PBXBuildFile; fileRef = 71D6ABA52082C54D00FE5447 /* ProjectsSection.swift */; };
		71D6ABAA2082C57200FE5447 /* ProjectTableViewCell.swift in Sources */ = {isa = PBXBuildFile; fileRef = 71D6ABA92082C57200FE5447 /* ProjectTableViewCell.swift */; };
		71D6ABAC2082C5B900FE5447 /* Projects.storyboard in Resources */ = {isa = PBXBuildFile; fileRef = 71D6ABAB2082C5B900FE5447 /* Projects.storyboard */; };
		71D6ABAE2082D47500FE5447 /* ConfigurableView.swift in Sources */ = {isa = PBXBuildFile; fileRef = 71D6ABAD2082D47500FE5447 /* ConfigurableView.swift */; };
		71D6ABB02082E0D700FE5447 /* ProjectInfoViewController.swift in Sources */ = {isa = PBXBuildFile; fileRef = 71D6ABAF2082E0D700FE5447 /* ProjectInfoViewController.swift */; };
		71D6ABB22082E0F300FE5447 /* ProjectIssuesViewController.swift in Sources */ = {isa = PBXBuildFile; fileRef = 71D6ABB12082E0F300FE5447 /* ProjectIssuesViewController.swift */; };
		71D6ABB52082EEAD00FE5447 /* Colors.swift in Sources */ = {isa = PBXBuildFile; fileRef = 71D6ABB42082EEAD00FE5447 /* Colors.swift */; };
		71D6ABB72082F17600FE5447 /* Track.swift in Sources */ = {isa = PBXBuildFile; fileRef = 71D6ABB62082F17600FE5447 /* Track.swift */; };
		71D6ABB92082F1B300FE5447 /* ProjectResult.swift in Sources */ = {isa = PBXBuildFile; fileRef = 71D6ABB82082F1B300FE5447 /* ProjectResult.swift */; };
/* End PBXBuildFile section */

/* Begin PBXFileReference section */
		19FA2A3A12DE19CDA55AC6DA /* Pods-Redmine.release.xcconfig */ = {isa = PBXFileReference; includeInIndex = 1; lastKnownFileType = text.xcconfig; name = "Pods-Redmine.release.xcconfig"; path = "Pods/Target Support Files/Pods-Redmine/Pods-Redmine.release.xcconfig"; sourceTree = "<group>"; };
		7111F2612081A560003AD03E /* Redmine.app */ = {isa = PBXFileReference; explicitFileType = wrapper.application; includeInIndex = 0; path = Redmine.app; sourceTree = BUILT_PRODUCTS_DIR; };
		7111F2642081A560003AD03E /* AppDelegate.swift */ = {isa = PBXFileReference; lastKnownFileType = sourcecode.swift; path = AppDelegate.swift; sourceTree = "<group>"; };
		7111F2662081A560003AD03E /* LoginViewController.swift */ = {isa = PBXFileReference; lastKnownFileType = sourcecode.swift; path = LoginViewController.swift; sourceTree = "<group>"; };
		7111F2692081A560003AD03E /* Base */ = {isa = PBXFileReference; lastKnownFileType = file.storyboard; name = Base; path = Base.lproj/Login.storyboard; sourceTree = "<group>"; };
		7111F26B2081A562003AD03E /* Assets.xcassets */ = {isa = PBXFileReference; lastKnownFileType = folder.assetcatalog; path = Assets.xcassets; sourceTree = "<group>"; };
		7111F26E2081A562003AD03E /* Base */ = {isa = PBXFileReference; lastKnownFileType = file.storyboard; name = Base; path = Base.lproj/LaunchScreen.storyboard; sourceTree = "<group>"; };
		7111F2702081A562003AD03E /* Info.plist */ = {isa = PBXFileReference; lastKnownFileType = text.plist.xml; path = Info.plist; sourceTree = "<group>"; };
		7111F27C2081A73C003AD03E /* UIViewController+instantiate.swift */ = {isa = PBXFileReference; lastKnownFileType = sourcecode.swift; path = "UIViewController+instantiate.swift"; sourceTree = "<group>"; };
		7111F27E2081A751003AD03E /* NSObject+className.swift */ = {isa = PBXFileReference; lastKnownFileType = sourcecode.swift; path = "NSObject+className.swift"; sourceTree = "<group>"; };
		7111F2812081AB71003AD03E /* Request.swift */ = {isa = PBXFileReference; lastKnownFileType = sourcecode.swift; path = Request.swift; sourceTree = "<group>"; };
		7111F2842081B0C0003AD03E /* GlobalFunc.swift */ = {isa = PBXFileReference; lastKnownFileType = sourcecode.swift; path = GlobalFunc.swift; sourceTree = "<group>"; };
		7111F2872081B78C003AD03E /* Ambients.swift */ = {isa = PBXFileReference; lastKnownFileType = sourcecode.swift; path = Ambients.swift; sourceTree = "<group>"; };
		7111F2892081B876003AD03E /* Redmine.entitlements */ = {isa = PBXFileReference; lastKnownFileType = text.plist.entitlements; path = Redmine.entitlements; sourceTree = "<group>"; };
		71A310F92081BCCB00D79771 /* SessionController.swift */ = {isa = PBXFileReference; lastKnownFileType = sourcecode.swift; path = SessionController.swift; sourceTree = "<group>"; };
		71A3110120824CA600D79771 /* ProjectsResult.swift */ = {isa = PBXFileReference; lastKnownFileType = sourcecode.swift; path = ProjectsResult.swift; sourceTree = "<group>"; };
		71A3110320824D6700D79771 /* Project.swift */ = {isa = PBXFileReference; lastKnownFileType = sourcecode.swift; path = Project.swift; sourceTree = "<group>"; };
		71A3110620824E3F00D79771 /* ApiResultProcessor.swift */ = {isa = PBXFileReference; lastKnownFileType = sourcecode.swift; path = ApiResultProcessor.swift; sourceTree = "<group>"; };
		71D6ABA22082C42B00FE5447 /* ProjectsViewController.swift */ = {isa = PBXFileReference; lastKnownFileType = sourcecode.swift; path = ProjectsViewController.swift; sourceTree = "<group>"; };
		71D6ABA52082C54D00FE5447 /* ProjectsSection.swift */ = {isa = PBXFileReference; lastKnownFileType = sourcecode.swift; path = ProjectsSection.swift; sourceTree = "<group>"; };
		71D6ABA92082C57200FE5447 /* ProjectTableViewCell.swift */ = {isa = PBXFileReference; lastKnownFileType = sourcecode.swift; path = ProjectTableViewCell.swift; sourceTree = "<group>"; };
		71D6ABAB2082C5B900FE5447 /* Projects.storyboard */ = {isa = PBXFileReference; lastKnownFileType = file.storyboard; path = Projects.storyboard; sourceTree = "<group>"; };
		71D6ABAD2082D47500FE5447 /* ConfigurableView.swift */ = {isa = PBXFileReference; lastKnownFileType = sourcecode.swift; path = ConfigurableView.swift; sourceTree = "<group>"; };
		71D6ABAF2082E0D700FE5447 /* ProjectInfoViewController.swift */ = {isa = PBXFileReference; lastKnownFileType = sourcecode.swift; path = ProjectInfoViewController.swift; sourceTree = "<group>"; };
		71D6ABB12082E0F300FE5447 /* ProjectIssuesViewController.swift */ = {isa = PBXFileReference; lastKnownFileType = sourcecode.swift; path = ProjectIssuesViewController.swift; sourceTree = "<group>"; };
		71D6ABB42082EEAD00FE5447 /* Colors.swift */ = {isa = PBXFileReference; lastKnownFileType = sourcecode.swift; path = Colors.swift; sourceTree = "<group>"; };
		71D6ABB62082F17600FE5447 /* Track.swift */ = {isa = PBXFileReference; lastKnownFileType = sourcecode.swift; path = Track.swift; sourceTree = "<group>"; };
		71D6ABB82082F1B300FE5447 /* ProjectResult.swift */ = {isa = PBXFileReference; lastKnownFileType = sourcecode.swift; path = ProjectResult.swift; sourceTree = "<group>"; };
		C8725F4A126B1F51B6E91D05 /* Pods-Redmine.debug.xcconfig */ = {isa = PBXFileReference; includeInIndex = 1; lastKnownFileType = text.xcconfig; name = "Pods-Redmine.debug.xcconfig"; path = "Pods/Target Support Files/Pods-Redmine/Pods-Redmine.debug.xcconfig"; sourceTree = "<group>"; };
		F62BF0AE5D0B7455DB116132 /* Pods_Redmine.framework */ = {isa = PBXFileReference; explicitFileType = wrapper.framework; includeInIndex = 0; path = Pods_Redmine.framework; sourceTree = BUILT_PRODUCTS_DIR; };
/* End PBXFileReference section */

/* Begin PBXFrameworksBuildPhase section */
		7111F25E2081A560003AD03E /* Frameworks */ = {
			isa = PBXFrameworksBuildPhase;
			buildActionMask = 2147483647;
			files = (
				09CA81D2BC7620A851064041 /* Pods_Redmine.framework in Frameworks */,
			);
			runOnlyForDeploymentPostprocessing = 0;
		};
/* End PBXFrameworksBuildPhase section */

/* Begin PBXGroup section */
		2573EC2FD16C53C87BB382E6 /* Pods */ = {
			isa = PBXGroup;
			children = (
				C8725F4A126B1F51B6E91D05 /* Pods-Redmine.debug.xcconfig */,
				19FA2A3A12DE19CDA55AC6DA /* Pods-Redmine.release.xcconfig */,
			);
			name = Pods;
			sourceTree = "<group>";
		};
		7111F2582081A560003AD03E = {
			isa = PBXGroup;
			children = (
				7111F2632081A560003AD03E /* Redmine */,
				7111F2622081A560003AD03E /* Products */,
				2573EC2FD16C53C87BB382E6 /* Pods */,
				D0744C6265A65BC974F4EDDB /* Frameworks */,
			);
			sourceTree = "<group>";
		};
		7111F2622081A560003AD03E /* Products */ = {
			isa = PBXGroup;
			children = (
				7111F2612081A560003AD03E /* Redmine.app */,
			);
			name = Products;
			sourceTree = "<group>";
		};
		7111F2632081A560003AD03E /* Redmine */ = {
			isa = PBXGroup;
			children = (
				7111F2892081B876003AD03E /* Redmine.entitlements */,
				7111F2782081A578003AD03E /* Resources */,
				7111F2762081A568003AD03E /* Sources */,
				7111F2792081A585003AD03E /* Supporting Files */,
			);
			path = Redmine;
			sourceTree = "<group>";
		};
		7111F2762081A568003AD03E /* Sources */ = {
			isa = PBXGroup;
			children = (
				71D6ABB32082EEA300FE5447 /* Consts */,
				71D6ABA72082C56000FE5447 /* Views */,
				71D6ABA42082C54100FE5447 /* Sections */,
				71A3110520824E3600D79771 /* Processors */,
				71A310FB20823FDC00D79771 /* Model */,
				7111F2862081B777003AD03E /* Ambients */,
				7111F2832081B0B6003AD03E /* Helpers */,
				7111F2802081AB5E003AD03E /* Requests */,
				7111F27B2081A72E003AD03E /* Extensions */,
				7111F2772081A570003AD03E /* Controllers */,
				7111F2642081A560003AD03E /* AppDelegate.swift */,
			);
			path = Sources;
			sourceTree = "<group>";
		};
		7111F2772081A570003AD03E /* Controllers */ = {
			isa = PBXGroup;
			children = (
				71A310F92081BCCB00D79771 /* SessionController.swift */,
				7111F2662081A560003AD03E /* LoginViewController.swift */,
				71D6ABA22082C42B00FE5447 /* ProjectsViewController.swift */,
				71D6ABAF2082E0D700FE5447 /* ProjectInfoViewController.swift */,
				71D6ABB12082E0F300FE5447 /* ProjectIssuesViewController.swift */,
			);
			path = Controllers;
			sourceTree = "<group>";
		};
		7111F2782081A578003AD03E /* Resources */ = {
			isa = PBXGroup;
			children = (
				7111F27A2081A5A0003AD03E /* Storyboards */,
				7111F26B2081A562003AD03E /* Assets.xcassets */,
			);
			path = Resources;
			sourceTree = "<group>";
		};
		7111F2792081A585003AD03E /* Supporting Files */ = {
			isa = PBXGroup;
			children = (
				7111F2702081A562003AD03E /* Info.plist */,
			);
			path = "Supporting Files";
			sourceTree = "<group>";
		};
		7111F27A2081A5A0003AD03E /* Storyboards */ = {
			isa = PBXGroup;
			children = (
				7111F26D2081A562003AD03E /* LaunchScreen.storyboard */,
				7111F2682081A560003AD03E /* Login.storyboard */,
				71D6ABAB2082C5B900FE5447 /* Projects.storyboard */,
			);
			path = Storyboards;
			sourceTree = "<group>";
		};
		7111F27B2081A72E003AD03E /* Extensions */ = {
			isa = PBXGroup;
			children = (
				7111F27C2081A73C003AD03E /* UIViewController+instantiate.swift */,
				7111F27E2081A751003AD03E /* NSObject+className.swift */,
			);
			path = Extensions;
			sourceTree = "<group>";
		};
		7111F2802081AB5E003AD03E /* Requests */ = {
			isa = PBXGroup;
			children = (
				71A310FC2082400D00D79771 /* Model */,
				7111F2812081AB71003AD03E /* Request.swift */,
			);
			path = Requests;
			sourceTree = "<group>";
		};
		7111F2832081B0B6003AD03E /* Helpers */ = {
			isa = PBXGroup;
			children = (
				7111F2842081B0C0003AD03E /* GlobalFunc.swift */,
			);
			path = Helpers;
			sourceTree = "<group>";
		};
		7111F2862081B777003AD03E /* Ambients */ = {
			isa = PBXGroup;
			children = (
				7111F2872081B78C003AD03E /* Ambients.swift */,
			);
			path = Ambients;
			sourceTree = "<group>";
		};
		71A310FB20823FDC00D79771 /* Model */ = {
			isa = PBXGroup;
			children = (
				71A3110320824D6700D79771 /* Project.swift */,
				71D6ABB62082F17600FE5447 /* Track.swift */,
			);
			path = Model;
			sourceTree = "<group>";
		};
		71A310FC2082400D00D79771 /* Model */ = {
			isa = PBXGroup;
			children = (
				71A3110120824CA600D79771 /* ProjectsResult.swift */,
				71D6ABB82082F1B300FE5447 /* ProjectResult.swift */,
			);
			path = Model;
			sourceTree = "<group>";
		};
		71A3110520824E3600D79771 /* Processors */ = {
			isa = PBXGroup;
			children = (
				71A3110620824E3F00D79771 /* ApiResultProcessor.swift */,
			);
			path = Processors;
			sourceTree = "<group>";
		};
		71D6ABA42082C54100FE5447 /* Sections */ = {
			isa = PBXGroup;
			children = (
				71D6ABA52082C54D00FE5447 /* ProjectsSection.swift */,
			);
			path = Sections;
			sourceTree = "<group>";
		};
		71D6ABA72082C56000FE5447 /* Views */ = {
			isa = PBXGroup;
			children = (
				71D6ABA82082C56500FE5447 /* Cells */,
				71D6ABAD2082D47500FE5447 /* ConfigurableView.swift */,
			);
			path = Views;
			sourceTree = "<group>";
		};
		71D6ABA82082C56500FE5447 /* Cells */ = {
			isa = PBXGroup;
			children = (
				71D6ABA92082C57200FE5447 /* ProjectTableViewCell.swift */,
			);
			path = Cells;
			sourceTree = "<group>";
		};
		71D6ABB32082EEA300FE5447 /* Consts */ = {
			isa = PBXGroup;
			children = (
				71D6ABB42082EEAD00FE5447 /* Colors.swift */,
			);
			path = Consts;
			sourceTree = "<group>";
		};
		D0744C6265A65BC974F4EDDB /* Frameworks */ = {
			isa = PBXGroup;
			children = (
				F62BF0AE5D0B7455DB116132 /* Pods_Redmine.framework */,
			);
			name = Frameworks;
			sourceTree = "<group>";
		};
/* End PBXGroup section */

/* Begin PBXNativeTarget section */
		7111F2602081A560003AD03E /* Redmine */ = {
			isa = PBXNativeTarget;
			buildConfigurationList = 7111F2732081A562003AD03E /* Build configuration list for PBXNativeTarget "Redmine" */;
			buildPhases = (
				C014F5062CAAC289367AF479 /* [CP] Check Pods Manifest.lock */,
				7111F25D2081A560003AD03E /* Sources */,
				7111F25E2081A560003AD03E /* Frameworks */,
				7111F25F2081A560003AD03E /* Resources */,
				17D2B95B1405EB7F59DA46D4 /* [CP] Embed Pods Frameworks */,
			);
			buildRules = (
			);
			dependencies = (
			);
			name = Redmine;
			productName = Redmine;
			productReference = 7111F2612081A560003AD03E /* Redmine.app */;
			productType = "com.apple.product-type.application";
		};
/* End PBXNativeTarget section */

/* Begin PBXProject section */
		7111F2592081A560003AD03E /* Project object */ = {
			isa = PBXProject;
			attributes = {
				LastSwiftUpdateCheck = 0930;
				LastUpgradeCheck = 0930;
				ORGANIZATIONNAME = InsaniTech;
				TargetAttributes = {
					7111F2602081A560003AD03E = {
						CreatedOnToolsVersion = 9.3;
						SystemCapabilities = {
							com.apple.Keychain = {
								enabled = 1;
							};
						};
					};
				};
			};
			buildConfigurationList = 7111F25C2081A560003AD03E /* Build configuration list for PBXProject "Redmine" */;
			compatibilityVersion = "Xcode 9.3";
			developmentRegion = en;
			hasScannedForEncodings = 0;
			knownRegions = (
				en,
				Base,
			);
			mainGroup = 7111F2582081A560003AD03E;
			productRefGroup = 7111F2622081A560003AD03E /* Products */;
			projectDirPath = "";
			projectRoot = "";
			targets = (
				7111F2602081A560003AD03E /* Redmine */,
			);
		};
/* End PBXProject section */

/* Begin PBXResourcesBuildPhase section */
		7111F25F2081A560003AD03E /* Resources */ = {
			isa = PBXResourcesBuildPhase;
			buildActionMask = 2147483647;
			files = (
				71D6ABAC2082C5B900FE5447 /* Projects.storyboard in Resources */,
				7111F26F2081A562003AD03E /* LaunchScreen.storyboard in Resources */,
				7111F26C2081A562003AD03E /* Assets.xcassets in Resources */,
				7111F26A2081A560003AD03E /* Login.storyboard in Resources */,
			);
			runOnlyForDeploymentPostprocessing = 0;
		};
/* End PBXResourcesBuildPhase section */

/* Begin PBXShellScriptBuildPhase section */
		17D2B95B1405EB7F59DA46D4 /* [CP] Embed Pods Frameworks */ = {
			isa = PBXShellScriptBuildPhase;
			buildActionMask = 2147483647;
			files = (
			);
			inputPaths = (
				"${SRCROOT}/Pods/Target Support Files/Pods-Redmine/Pods-Redmine-frameworks.sh",
				"${BUILT_PRODUCTS_DIR}/Alamofire/Alamofire.framework",
				"${BUILT_PRODUCTS_DIR}/GenericDataSourceSwift/GenericDataSourceSwift.framework",
				"${BUILT_PRODUCTS_DIR}/KeychainAccess/KeychainAccess.framework",
				"${BUILT_PRODUCTS_DIR}/PKHUD/PKHUD.framework",
				"${BUILT_PRODUCTS_DIR}/Reachability/Reachability.framework",
				"${BUILT_PRODUCTS_DIR}/Swift.Json/Swift_Json.framework",
				"${BUILT_PRODUCTS_DIR}/SwiftyTimer/SwiftyTimer.framework",
				"${BUILT_PRODUCTS_DIR}/UIColor-HexString/UIColor_HexString.framework",
			);
			name = "[CP] Embed Pods Frameworks";
			outputPaths = (
				"${TARGET_BUILD_DIR}/${FRAMEWORKS_FOLDER_PATH}/Alamofire.framework",
				"${TARGET_BUILD_DIR}/${FRAMEWORKS_FOLDER_PATH}/GenericDataSourceSwift.framework",
				"${TARGET_BUILD_DIR}/${FRAMEWORKS_FOLDER_PATH}/KeychainAccess.framework",
				"${TARGET_BUILD_DIR}/${FRAMEWORKS_FOLDER_PATH}/PKHUD.framework",
				"${TARGET_BUILD_DIR}/${FRAMEWORKS_FOLDER_PATH}/Reachability.framework",
				"${TARGET_BUILD_DIR}/${FRAMEWORKS_FOLDER_PATH}/Swift_Json.framework",
				"${TARGET_BUILD_DIR}/${FRAMEWORKS_FOLDER_PATH}/SwiftyTimer.framework",
				"${TARGET_BUILD_DIR}/${FRAMEWORKS_FOLDER_PATH}/UIColor_HexString.framework",
			);
			runOnlyForDeploymentPostprocessing = 0;
			shellPath = /bin/sh;
			shellScript = "\"${SRCROOT}/Pods/Target Support Files/Pods-Redmine/Pods-Redmine-frameworks.sh\"\n";
			showEnvVarsInLog = 0;
		};
		C014F5062CAAC289367AF479 /* [CP] Check Pods Manifest.lock */ = {
			isa = PBXShellScriptBuildPhase;
			buildActionMask = 2147483647;
			files = (
			);
			inputPaths = (
				"${PODS_PODFILE_DIR_PATH}/Podfile.lock",
				"${PODS_ROOT}/Manifest.lock",
			);
			name = "[CP] Check Pods Manifest.lock";
			outputPaths = (
				"$(DERIVED_FILE_DIR)/Pods-Redmine-checkManifestLockResult.txt",
			);
			runOnlyForDeploymentPostprocessing = 0;
			shellPath = /bin/sh;
			shellScript = "diff \"${PODS_PODFILE_DIR_PATH}/Podfile.lock\" \"${PODS_ROOT}/Manifest.lock\" > /dev/null\nif [ $? != 0 ] ; then\n    # print error to STDERR\n    echo \"error: The sandbox is not in sync with the Podfile.lock. Run 'pod install' or update your CocoaPods installation.\" >&2\n    exit 1\nfi\n# This output is used by Xcode 'outputs' to avoid re-running this script phase.\necho \"SUCCESS\" > \"${SCRIPT_OUTPUT_FILE_0}\"\n";
			showEnvVarsInLog = 0;
		};
/* End PBXShellScriptBuildPhase section */

/* Begin PBXSourcesBuildPhase section */
		7111F25D2081A560003AD03E /* Sources */ = {
			isa = PBXSourcesBuildPhase;
			buildActionMask = 2147483647;
			files = (
				71D6ABAE2082D47500FE5447 /* ConfigurableView.swift in Sources */,
				71D6ABB52082EEAD00FE5447 /* Colors.swift in Sources */,
				71D6ABA32082C42B00FE5447 /* ProjectsViewController.swift in Sources */,
				71D6ABAA2082C57200FE5447 /* ProjectTableViewCell.swift in Sources */,
				71D6ABB72082F17600FE5447 /* Track.swift in Sources */,
				71D6ABB22082E0F300FE5447 /* ProjectIssuesViewController.swift in Sources */,
				71A3110220824CA600D79771 /* ProjectsResult.swift in Sources */,
				7111F2882081B78C003AD03E /* Ambients.swift in Sources */,
				71D6ABB92082F1B300FE5447 /* ProjectResult.swift in Sources */,
				7111F2822081AB71003AD03E /* Request.swift in Sources */,
				71D6ABA62082C54D00FE5447 /* ProjectsSection.swift in Sources */,
				71A3110420824D6700D79771 /* Project.swift in Sources */,
				71A310FA2081BCCB00D79771 /* SessionController.swift in Sources */,
				7111F27D2081A73C003AD03E /* UIViewController+instantiate.swift in Sources */,
				7111F27F2081A751003AD03E /* NSObject+className.swift in Sources */,
				7111F2672081A560003AD03E /* LoginViewController.swift in Sources */,
				71D6ABB02082E0D700FE5447 /* ProjectInfoViewController.swift in Sources */,
				71A3110720824E3F00D79771 /* ApiResultProcessor.swift in Sources */,
				7111F2852081B0C0003AD03E /* GlobalFunc.swift in Sources */,
				7111F2652081A560003AD03E /* AppDelegate.swift in Sources */,
			);
			runOnlyForDeploymentPostprocessing = 0;
		};
/* End PBXSourcesBuildPhase section */

/* Begin PBXVariantGroup section */
		7111F2682081A560003AD03E /* Login.storyboard */ = {
			isa = PBXVariantGroup;
			children = (
				7111F2692081A560003AD03E /* Base */,
			);
			name = Login.storyboard;
			sourceTree = "<group>";
		};
		7111F26D2081A562003AD03E /* LaunchScreen.storyboard */ = {
			isa = PBXVariantGroup;
			children = (
				7111F26E2081A562003AD03E /* Base */,
			);
			name = LaunchScreen.storyboard;
			sourceTree = "<group>";
		};
/* End PBXVariantGroup section */

/* Begin XCBuildConfiguration section */
		7111F2712081A562003AD03E /* Debug */ = {
			isa = XCBuildConfiguration;
			buildSettings = {
				ALWAYS_SEARCH_USER_PATHS = NO;
				CLANG_ANALYZER_NONNULL = YES;
				CLANG_ANALYZER_NUMBER_OBJECT_CONVERSION = YES_AGGRESSIVE;
				CLANG_CXX_LANGUAGE_STANDARD = "gnu++14";
				CLANG_CXX_LIBRARY = "libc++";
				CLANG_ENABLE_MODULES = YES;
				CLANG_ENABLE_OBJC_ARC = YES;
				CLANG_ENABLE_OBJC_WEAK = YES;
				CLANG_WARN_BLOCK_CAPTURE_AUTORELEASING = YES;
				CLANG_WARN_BOOL_CONVERSION = YES;
				CLANG_WARN_COMMA = YES;
				CLANG_WARN_CONSTANT_CONVERSION = YES;
				CLANG_WARN_DEPRECATED_OBJC_IMPLEMENTATIONS = YES;
				CLANG_WARN_DIRECT_OBJC_ISA_USAGE = YES_ERROR;
				CLANG_WARN_DOCUMENTATION_COMMENTS = YES;
				CLANG_WARN_EMPTY_BODY = YES;
				CLANG_WARN_ENUM_CONVERSION = YES;
				CLANG_WARN_INFINITE_RECURSION = YES;
				CLANG_WARN_INT_CONVERSION = YES;
				CLANG_WARN_NON_LITERAL_NULL_CONVERSION = YES;
				CLANG_WARN_OBJC_IMPLICIT_RETAIN_SELF = YES;
				CLANG_WARN_OBJC_LITERAL_CONVERSION = YES;
				CLANG_WARN_OBJC_ROOT_CLASS = YES_ERROR;
				CLANG_WARN_RANGE_LOOP_ANALYSIS = YES;
				CLANG_WARN_STRICT_PROTOTYPES = YES;
				CLANG_WARN_SUSPICIOUS_MOVE = YES;
				CLANG_WARN_UNGUARDED_AVAILABILITY = YES_AGGRESSIVE;
				CLANG_WARN_UNREACHABLE_CODE = YES;
				CLANG_WARN__DUPLICATE_METHOD_MATCH = YES;
				CODE_SIGN_IDENTITY = "iPhone Developer";
				COPY_PHASE_STRIP = NO;
				DEBUG_INFORMATION_FORMAT = dwarf;
				ENABLE_STRICT_OBJC_MSGSEND = YES;
				ENABLE_TESTABILITY = YES;
				GCC_C_LANGUAGE_STANDARD = gnu11;
				GCC_DYNAMIC_NO_PIC = NO;
				GCC_NO_COMMON_BLOCKS = YES;
				GCC_OPTIMIZATION_LEVEL = 0;
				GCC_PREPROCESSOR_DEFINITIONS = (
					"DEBUG=1",
					"$(inherited)",
				);
				GCC_WARN_64_TO_32_BIT_CONVERSION = YES;
				GCC_WARN_ABOUT_RETURN_TYPE = YES_ERROR;
				GCC_WARN_UNDECLARED_SELECTOR = YES;
				GCC_WARN_UNINITIALIZED_AUTOS = YES_AGGRESSIVE;
				GCC_WARN_UNUSED_FUNCTION = YES;
				GCC_WARN_UNUSED_VARIABLE = YES;
				IPHONEOS_DEPLOYMENT_TARGET = 9.0;
				MTL_ENABLE_DEBUG_INFO = YES;
				ONLY_ACTIVE_ARCH = YES;
				SDKROOT = iphoneos;
				SWIFT_ACTIVE_COMPILATION_CONDITIONS = DEBUG;
				SWIFT_OPTIMIZATION_LEVEL = "-Onone";
			};
			name = Debug;
		};
		7111F2722081A562003AD03E /* Release */ = {
			isa = XCBuildConfiguration;
			buildSettings = {
				ALWAYS_SEARCH_USER_PATHS = NO;
				CLANG_ANALYZER_NONNULL = YES;
				CLANG_ANALYZER_NUMBER_OBJECT_CONVERSION = YES_AGGRESSIVE;
				CLANG_CXX_LANGUAGE_STANDARD = "gnu++14";
				CLANG_CXX_LIBRARY = "libc++";
				CLANG_ENABLE_MODULES = YES;
				CLANG_ENABLE_OBJC_ARC = YES;
				CLANG_ENABLE_OBJC_WEAK = YES;
				CLANG_WARN_BLOCK_CAPTURE_AUTORELEASING = YES;
				CLANG_WARN_BOOL_CONVERSION = YES;
				CLANG_WARN_COMMA = YES;
				CLANG_WARN_CONSTANT_CONVERSION = YES;
				CLANG_WARN_DEPRECATED_OBJC_IMPLEMENTATIONS = YES;
				CLANG_WARN_DIRECT_OBJC_ISA_USAGE = YES_ERROR;
				CLANG_WARN_DOCUMENTATION_COMMENTS = YES;
				CLANG_WARN_EMPTY_BODY = YES;
				CLANG_WARN_ENUM_CONVERSION = YES;
				CLANG_WARN_INFINITE_RECURSION = YES;
				CLANG_WARN_INT_CONVERSION = YES;
				CLANG_WARN_NON_LITERAL_NULL_CONVERSION = YES;
				CLANG_WARN_OBJC_IMPLICIT_RETAIN_SELF = YES;
				CLANG_WARN_OBJC_LITERAL_CONVERSION = YES;
				CLANG_WARN_OBJC_ROOT_CLASS = YES_ERROR;
				CLANG_WARN_RANGE_LOOP_ANALYSIS = YES;
				CLANG_WARN_STRICT_PROTOTYPES = YES;
				CLANG_WARN_SUSPICIOUS_MOVE = YES;
				CLANG_WARN_UNGUARDED_AVAILABILITY = YES_AGGRESSIVE;
				CLANG_WARN_UNREACHABLE_CODE = YES;
				CLANG_WARN__DUPLICATE_METHOD_MATCH = YES;
				CODE_SIGN_IDENTITY = "iPhone Developer";
				COPY_PHASE_STRIP = NO;
				DEBUG_INFORMATION_FORMAT = "dwarf-with-dsym";
				ENABLE_NS_ASSERTIONS = NO;
				ENABLE_STRICT_OBJC_MSGSEND = YES;
				GCC_C_LANGUAGE_STANDARD = gnu11;
				GCC_NO_COMMON_BLOCKS = YES;
				GCC_WARN_64_TO_32_BIT_CONVERSION = YES;
				GCC_WARN_ABOUT_RETURN_TYPE = YES_ERROR;
				GCC_WARN_UNDECLARED_SELECTOR = YES;
				GCC_WARN_UNINITIALIZED_AUTOS = YES_AGGRESSIVE;
				GCC_WARN_UNUSED_FUNCTION = YES;
				GCC_WARN_UNUSED_VARIABLE = YES;
				IPHONEOS_DEPLOYMENT_TARGET = 9.0;
				MTL_ENABLE_DEBUG_INFO = NO;
				SDKROOT = iphoneos;
				SWIFT_COMPILATION_MODE = wholemodule;
				SWIFT_OPTIMIZATION_LEVEL = "-O";
				VALIDATE_PRODUCT = YES;
			};
			name = Release;
		};
		7111F2742081A562003AD03E /* Debug */ = {
			isa = XCBuildConfiguration;
			baseConfigurationReference = C8725F4A126B1F51B6E91D05 /* Pods-Redmine.debug.xcconfig */;
			buildSettings = {
				ASSETCATALOG_COMPILER_APPICON_NAME = AppIcon;
				CODE_SIGN_ENTITLEMENTS = Redmine/Redmine.entitlements;
				CODE_SIGN_STYLE = Automatic;
				DEVELOPMENT_TEAM = EUPS925RGY;
				INFOPLIST_FILE = "$(SRCROOT)/Redmine/Supporting Files/Info.plist";
				LD_RUNPATH_SEARCH_PATHS = (
					"$(inherited)",
					"@executable_path/Frameworks",
				);
				PRODUCT_BUNDLE_IDENTIFIER = br.com.insanitech.redmine;
				PRODUCT_NAME = "$(TARGET_NAME)";
				SWIFT_VERSION = 4.0;
				TARGETED_DEVICE_FAMILY = "1,2";
			};
			name = Debug;
		};
		7111F2752081A562003AD03E /* Release */ = {
			isa = XCBuildConfiguration;
			baseConfigurationReference = 19FA2A3A12DE19CDA55AC6DA /* Pods-Redmine.release.xcconfig */;
			buildSettings = {
				ASSETCATALOG_COMPILER_APPICON_NAME = AppIcon;
				CODE_SIGN_ENTITLEMENTS = Redmine/Redmine.entitlements;
				CODE_SIGN_STYLE = Automatic;
				DEVELOPMENT_TEAM = EUPS925RGY;
				INFOPLIST_FILE = "$(SRCROOT)/Redmine/Supporting Files/Info.plist";
				LD_RUNPATH_SEARCH_PATHS = (
					"$(inherited)",
					"@executable_path/Frameworks",
				);
				PRODUCT_BUNDLE_IDENTIFIER = br.com.insanitech.redmine;
				PRODUCT_NAME = "$(TARGET_NAME)";
				SWIFT_VERSION = 4.0;
				TARGETED_DEVICE_FAMILY = "1,2";
			};
			name = Release;
		};
/* End XCBuildConfiguration section */

/* Begin XCConfigurationList section */
		7111F25C2081A560003AD03E /* Build configuration list for PBXProject "Redmine" */ = {
			isa = XCConfigurationList;
			buildConfigurations = (
				7111F2712081A562003AD03E /* Debug */,
				7111F2722081A562003AD03E /* Release */,
			);
			defaultConfigurationIsVisible = 0;
			defaultConfigurationName = Release;
		};
		7111F2732081A562003AD03E /* Build configuration list for PBXNativeTarget "Redmine" */ = {
			isa = XCConfigurationList;
			buildConfigurations = (
				7111F2742081A562003AD03E /* Debug */,
				7111F2752081A562003AD03E /* Release */,
			);
			defaultConfigurationIsVisible = 0;
			defaultConfigurationName = Release;
		};
/* End XCConfigurationList section */
	};
	rootObject = 7111F2592081A560003AD03E /* Project object */;
}
