// !$*UTF8*$!
{
	archiveVersion = 1;
	classes = {
	};
	objectVersion = 50;
	objects = {

/* Begin PBXBuildFile section */
		09CA81D2BC7620A851064041 /* Pods_Redmine.framework in Frameworks */ = {isa = PBXBuildFile; fileRef = F62BF0AE5D0B7455DB116132 /* Pods_Redmine.framework */; };
		710CA069209BFA15007A86B7 /* ProfileViewController.swift in Sources */ = {isa = PBXBuildFile; fileRef = 710CA068209BFA15007A86B7 /* ProfileViewController.swift */; };
		710CA06B209BFA56007A86B7 /* Profile.storyboard in Resources */ = {isa = PBXBuildFile; fileRef = 710CA06A209BFA56007A86B7 /* Profile.storyboard */; };
		710CA06D209BFDB0007A86B7 /* ProfileSection.swift in Sources */ = {isa = PBXBuildFile; fileRef = 710CA06C209BFDB0007A86B7 /* ProfileSection.swift */; };
		710CA070209BFE6E007A86B7 /* LogoutCell.swift in Sources */ = {isa = PBXBuildFile; fileRef = 710CA06F209BFE6E007A86B7 /* LogoutCell.swift */; };
		7111F2652081A560003AD03E /* AppDelegate.swift in Sources */ = {isa = PBXBuildFile; fileRef = 7111F2642081A560003AD03E /* AppDelegate.swift */; };
		7111F2672081A560003AD03E /* LoginViewController.swift in Sources */ = {isa = PBXBuildFile; fileRef = 7111F2662081A560003AD03E /* LoginViewController.swift */; };
		7111F26A2081A560003AD03E /* Login.storyboard in Resources */ = {isa = PBXBuildFile; fileRef = 7111F2682081A560003AD03E /* Login.storyboard */; };
		7111F26C2081A562003AD03E /* Assets.xcassets in Resources */ = {isa = PBXBuildFile; fileRef = 7111F26B2081A562003AD03E /* Assets.xcassets */; };
		7111F26F2081A562003AD03E /* LaunchScreen.storyboard in Resources */ = {isa = PBXBuildFile; fileRef = 7111F26D2081A562003AD03E /* LaunchScreen.storyboard */; };
		7111F27D2081A73C003AD03E /* UIViewController+instantiate.swift in Sources */ = {isa = PBXBuildFile; fileRef = 7111F27C2081A73C003AD03E /* UIViewController+instantiate.swift */; };
		7111F27F2081A751003AD03E /* NSObject+className.swift in Sources */ = {isa = PBXBuildFile; fileRef = 7111F27E2081A751003AD03E /* NSObject+className.swift */; };
		7111F2822081AB71003AD03E /* Request.swift in Sources */ = {isa = PBXBuildFile; fileRef = 7111F2812081AB71003AD03E /* Request.swift */; };
		7111F2852081B0C0003AD03E /* GlobalFunc.swift in Sources */ = {isa = PBXBuildFile; fileRef = 7111F2842081B0C0003AD03E /* GlobalFunc.swift */; };
		7111F2882081B78C003AD03E /* Ambients.swift in Sources */ = {isa = PBXBuildFile; fileRef = 7111F2872081B78C003AD03E /* Ambients.swift */; };
		7126A6E420859BE700054ED2 /* UIScrollView+TPKeyboardAvoidingAdditions.m in Sources */ = {isa = PBXBuildFile; fileRef = 7126A6DE20859BE700054ED2 /* UIScrollView+TPKeyboardAvoidingAdditions.m */; };
		7126A6E520859BE700054ED2 /* TPKeyboardAvoidingTableView.m in Sources */ = {isa = PBXBuildFile; fileRef = 7126A6DF20859BE700054ED2 /* TPKeyboardAvoidingTableView.m */; };
		7126A6E620859BE700054ED2 /* TPKeyboardAvoidingScrollView.m in Sources */ = {isa = PBXBuildFile; fileRef = 7126A6E020859BE700054ED2 /* TPKeyboardAvoidingScrollView.m */; };
		7126A6E720859BE700054ED2 /* TPKeyboardAvoidingCollectionView.m in Sources */ = {isa = PBXBuildFile; fileRef = 7126A6E120859BE700054ED2 /* TPKeyboardAvoidingCollectionView.m */; };
		7126A6E92085A0F800054ED2 /* IssueDetailSection.swift in Sources */ = {isa = PBXBuildFile; fileRef = 7126A6E82085A0F800054ED2 /* IssueDetailSection.swift */; };
		7126A6EB2085A11600054ED2 /* IssueDetailTableViewCell.swift in Sources */ = {isa = PBXBuildFile; fileRef = 7126A6EA2085A11600054ED2 /* IssueDetailTableViewCell.swift */; };
		7126A6EE2085AC3900054ED2 /* SearchableDataSource.swift in Sources */ = {isa = PBXBuildFile; fileRef = 7126A6ED2085AC3900054ED2 /* SearchableDataSource.swift */; };
		716354402084110A0099930A /* RefreshableTableViewController.swift in Sources */ = {isa = PBXBuildFile; fileRef = 7163543F2084110A0099930A /* RefreshableTableViewController.swift */; };
		71635442208414D90099930A /* Issue.swift in Sources */ = {isa = PBXBuildFile; fileRef = 71635441208414D90099930A /* Issue.swift */; };
		716354442084151A0099930A /* Basic.swift in Sources */ = {isa = PBXBuildFile; fileRef = 716354432084151A0099930A /* Basic.swift */; };
		71635446208418290099930A /* CustomField.swift in Sources */ = {isa = PBXBuildFile; fileRef = 71635445208418290099930A /* CustomField.swift */; };
		716354482084194E0099930A /* IssuesResult.swift in Sources */ = {isa = PBXBuildFile; fileRef = 716354472084194E0099930A /* IssuesResult.swift */; };
		7163544A208419710099930A /* BasicResult.swift in Sources */ = {isa = PBXBuildFile; fileRef = 71635449208419710099930A /* BasicResult.swift */; };
		7163544C20841EF10099930A /* IssuesSection.swift in Sources */ = {isa = PBXBuildFile; fileRef = 7163544B20841EF10099930A /* IssuesSection.swift */; };
		7163544E20841F4B0099930A /* IssueTableViewCell.swift in Sources */ = {isa = PBXBuildFile; fileRef = 7163544D20841F4B0099930A /* IssueTableViewCell.swift */; };
		7163545020841F710099930A /* ProjectIssues.storyboard in Resources */ = {isa = PBXBuildFile; fileRef = 7163544F20841F710099930A /* ProjectIssues.storyboard */; };
		71635452208424650099930A /* DateStringProcessor.swift in Sources */ = {isa = PBXBuildFile; fileRef = 71635451208424650099930A /* DateStringProcessor.swift */; };
		7163545420842C090099930A /* NoContent.storyboard in Resources */ = {isa = PBXBuildFile; fileRef = 7163545320842C090099930A /* NoContent.storyboard */; };
		7163545620842C510099930A /* NoContentViewController.swift in Sources */ = {isa = PBXBuildFile; fileRef = 7163545520842C510099930A /* NoContentViewController.swift */; };
		716AAD74209F701C0049C2C3 /* SearchResult.swift in Sources */ = {isa = PBXBuildFile; fileRef = 716AAD73209F701C0049C2C3 /* SearchResult.swift */; };
		716AAD76209F72990049C2C3 /* SearchItem.swift in Sources */ = {isa = PBXBuildFile; fileRef = 716AAD75209F72990049C2C3 /* SearchItem.swift */; };
		7188F23F2086D5A600DE1C7C /* SearchableTableViewController.swift in Sources */ = {isa = PBXBuildFile; fileRef = 7188F23E2086D5A600DE1C7C /* SearchableTableViewController.swift */; };
		7192B61220857C44007E4C96 /* UserContentLoader.swift in Sources */ = {isa = PBXBuildFile; fileRef = 7192B61120857C44007E4C96 /* UserContentLoader.swift */; };
		7192B61420858585007E4C96 /* PaddingTextField.swift in Sources */ = {isa = PBXBuildFile; fileRef = 7192B61320858585007E4C96 /* PaddingTextField.swift */; };
		71A310FA2081BCCB00D79771 /* SessionController.swift in Sources */ = {isa = PBXBuildFile; fileRef = 71A310F92081BCCB00D79771 /* SessionController.swift */; };
		71A3110220824CA600D79771 /* ProjectsResult.swift in Sources */ = {isa = PBXBuildFile; fileRef = 71A3110120824CA600D79771 /* ProjectsResult.swift */; };
		71A3110420824D6700D79771 /* Project.swift in Sources */ = {isa = PBXBuildFile; fileRef = 71A3110320824D6700D79771 /* Project.swift */; };
		71A3110720824E3F00D79771 /* ApiResultProcessor.swift in Sources */ = {isa = PBXBuildFile; fileRef = 71A3110620824E3F00D79771 /* ApiResultProcessor.swift */; };
		71D6ABA32082C42B00FE5447 /* ProjectsViewController.swift in Sources */ = {isa = PBXBuildFile; fileRef = 71D6ABA22082C42B00FE5447 /* ProjectsViewController.swift */; };
		71D6ABA62082C54D00FE5447 /* ProjectsSection.swift in Sources */ = {isa = PBXBuildFile; fileRef = 71D6ABA52082C54D00FE5447 /* ProjectsSection.swift */; };
		71D6ABAA2082C57200FE5447 /* ProjectTableViewCell.swift in Sources */ = {isa = PBXBuildFile; fileRef = 71D6ABA92082C57200FE5447 /* ProjectTableViewCell.swift */; };
		71D6ABAC2082C5B900FE5447 /* Projects.storyboard in Resources */ = {isa = PBXBuildFile; fileRef = 71D6ABAB2082C5B900FE5447 /* Projects.storyboard */; };
		71D6ABAE2082D47500FE5447 /* ConfigurableView.swift in Sources */ = {isa = PBXBuildFile; fileRef = 71D6ABAD2082D47500FE5447 /* ConfigurableView.swift */; };
		71D6ABB02082E0D700FE5447 /* ProjectInfoViewController.swift in Sources */ = {isa = PBXBuildFile; fileRef = 71D6ABAF2082E0D700FE5447 /* ProjectInfoViewController.swift */; };
		71D6ABB22082E0F300FE5447 /* ProjectIssuesViewController.swift in Sources */ = {isa = PBXBuildFile; fileRef = 71D6ABB12082E0F300FE5447 /* ProjectIssuesViewController.swift */; };
		71D6ABB52082EEAD00FE5447 /* Colors.swift in Sources */ = {isa = PBXBuildFile; fileRef = 71D6ABB42082EEAD00FE5447 /* Colors.swift */; };
		71D6ABB72082F17600FE5447 /* Track.swift in Sources */ = {isa = PBXBuildFile; fileRef = 71D6ABB62082F17600FE5447 /* Track.swift */; };
		71D6ABB92082F1B300FE5447 /* ProjectResult.swift in Sources */ = {isa = PBXBuildFile; fileRef = 71D6ABB82082F1B300FE5447 /* ProjectResult.swift */; };
		71DC52DE209D34E00067E135 /* PageCounterController.swift in Sources */ = {isa = PBXBuildFile; fileRef = 71DC52DD209D34E00067E135 /* PageCounterController.swift */; };
		71DC52E0209D376E0067E135 /* LoadMoreCell.swift in Sources */ = {isa = PBXBuildFile; fileRef = 71DC52DF209D376E0067E135 /* LoadMoreCell.swift */; };
		71DC52E2209D37990067E135 /* LoadMoreSection.swift in Sources */ = {isa = PBXBuildFile; fileRef = 71DC52E1209D37990067E135 /* LoadMoreSection.swift */; };
		71DC52E4209D37EC0067E135 /* LoadMoreViewControllerProtocol.swift in Sources */ = {isa = PBXBuildFile; fileRef = 71DC52E3209D37EC0067E135 /* LoadMoreViewControllerProtocol.swift */; };
		71DC52E6209D42E50067E135 /* Values.swift in Sources */ = {isa = PBXBuildFile; fileRef = 71DC52E5209D42E50067E135 /* Values.swift */; };
		71F8F9C520A14D070013DFA6 /* User.swift in Sources */ = {isa = PBXBuildFile; fileRef = 71F8F9C420A14D070013DFA6 /* User.swift */; };
		71F8F9C720A14D6B0013DFA6 /* Membership.swift in Sources */ = {isa = PBXBuildFile; fileRef = 71F8F9C620A14D6B0013DFA6 /* Membership.swift */; };
		71F8F9C920A14D990013DFA6 /* Role.swift in Sources */ = {isa = PBXBuildFile; fileRef = 71F8F9C820A14D990013DFA6 /* Role.swift */; };
		71F8F9CB20A14F870013DFA6 /* UserResult.swift in Sources */ = {isa = PBXBuildFile; fileRef = 71F8F9CA20A14F870013DFA6 /* UserResult.swift */; };
/* End PBXBuildFile section */

/* Begin PBXFileReference section */
		19FA2A3A12DE19CDA55AC6DA /* Pods-Redmine.release.xcconfig */ = {isa = PBXFileReference; includeInIndex = 1; lastKnownFileType = text.xcconfig; name = "Pods-Redmine.release.xcconfig"; path = "Pods/Target Support Files/Pods-Redmine/Pods-Redmine.release.xcconfig"; sourceTree = "<group>"; };
		710CA068209BFA15007A86B7 /* ProfileViewController.swift */ = {isa = PBXFileReference; lastKnownFileType = sourcecode.swift; path = ProfileViewController.swift; sourceTree = "<group>"; };
		710CA06A209BFA56007A86B7 /* Profile.storyboard */ = {isa = PBXFileReference; lastKnownFileType = file.storyboard; path = Profile.storyboard; sourceTree = "<group>"; };
		710CA06C209BFDB0007A86B7 /* ProfileSection.swift */ = {isa = PBXFileReference; lastKnownFileType = sourcecode.swift; path = ProfileSection.swift; sourceTree = "<group>"; };
		710CA06F209BFE6E007A86B7 /* LogoutCell.swift */ = {isa = PBXFileReference; lastKnownFileType = sourcecode.swift; path = LogoutCell.swift; sourceTree = "<group>"; };
		7111F2612081A560003AD03E /* Redmine.app */ = {isa = PBXFileReference; explicitFileType = wrapper.application; includeInIndex = 0; path = Redmine.app; sourceTree = BUILT_PRODUCTS_DIR; };
		7111F2642081A560003AD03E /* AppDelegate.swift */ = {isa = PBXFileReference; lastKnownFileType = sourcecode.swift; path = AppDelegate.swift; sourceTree = "<group>"; };
		7111F2662081A560003AD03E /* LoginViewController.swift */ = {isa = PBXFileReference; lastKnownFileType = sourcecode.swift; path = LoginViewController.swift; sourceTree = "<group>"; };
		7111F2692081A560003AD03E /* Base */ = {isa = PBXFileReference; lastKnownFileType = file.storyboard; name = Base; path = Base.lproj/Login.storyboard; sourceTree = "<group>"; };
		7111F26B2081A562003AD03E /* Assets.xcassets */ = {isa = PBXFileReference; lastKnownFileType = folder.assetcatalog; path = Assets.xcassets; sourceTree = "<group>"; };
		7111F26E2081A562003AD03E /* Base */ = {isa = PBXFileReference; lastKnownFileType = file.storyboard; name = Base; path = Base.lproj/LaunchScreen.storyboard; sourceTree = "<group>"; };
		7111F2702081A562003AD03E /* Info.plist */ = {isa = PBXFileReference; lastKnownFileType = text.plist.xml; path = Info.plist; sourceTree = "<group>"; };
		7111F27C2081A73C003AD03E /* UIViewController+instantiate.swift */ = {isa = PBXFileReference; lastKnownFileType = sourcecode.swift; path = "UIViewController+instantiate.swift"; sourceTree = "<group>"; };
		7111F27E2081A751003AD03E /* NSObject+className.swift */ = {isa = PBXFileReference; lastKnownFileType = sourcecode.swift; path = "NSObject+className.swift"; sourceTree = "<group>"; };
		7111F2812081AB71003AD03E /* Request.swift */ = {isa = PBXFileReference; lastKnownFileType = sourcecode.swift; path = Request.swift; sourceTree = "<group>"; };
		7111F2842081B0C0003AD03E /* GlobalFunc.swift */ = {isa = PBXFileReference; lastKnownFileType = sourcecode.swift; path = GlobalFunc.swift; sourceTree = "<group>"; };
		7111F2872081B78C003AD03E /* Ambients.swift */ = {isa = PBXFileReference; lastKnownFileType = sourcecode.swift; path = Ambients.swift; sourceTree = "<group>"; };
		7111F2892081B876003AD03E /* Redmine.entitlements */ = {isa = PBXFileReference; lastKnownFileType = text.plist.entitlements; path = Redmine.entitlements; sourceTree = "<group>"; };
		7126A6DB20859BE600054ED2 /* Redmine-Bridging-Header.h */ = {isa = PBXFileReference; lastKnownFileType = sourcecode.c.h; path = "Redmine-Bridging-Header.h"; sourceTree = "<group>"; };
		7126A6DC20859BE700054ED2 /* TPKeyboardAvoidingCollectionView.h */ = {isa = PBXFileReference; fileEncoding = 4; lastKnownFileType = sourcecode.c.h; path = TPKeyboardAvoidingCollectionView.h; sourceTree = "<group>"; };
		7126A6DD20859BE700054ED2 /* TPKeyboardAvoidingScrollView.h */ = {isa = PBXFileReference; fileEncoding = 4; lastKnownFileType = sourcecode.c.h; path = TPKeyboardAvoidingScrollView.h; sourceTree = "<group>"; };
		7126A6DE20859BE700054ED2 /* UIScrollView+TPKeyboardAvoidingAdditions.m */ = {isa = PBXFileReference; fileEncoding = 4; lastKnownFileType = sourcecode.c.objc; path = "UIScrollView+TPKeyboardAvoidingAdditions.m"; sourceTree = "<group>"; };
		7126A6DF20859BE700054ED2 /* TPKeyboardAvoidingTableView.m */ = {isa = PBXFileReference; fileEncoding = 4; lastKnownFileType = sourcecode.c.objc; path = TPKeyboardAvoidingTableView.m; sourceTree = "<group>"; };
		7126A6E020859BE700054ED2 /* TPKeyboardAvoidingScrollView.m */ = {isa = PBXFileReference; fileEncoding = 4; lastKnownFileType = sourcecode.c.objc; path = TPKeyboardAvoidingScrollView.m; sourceTree = "<group>"; };
		7126A6E120859BE700054ED2 /* TPKeyboardAvoidingCollectionView.m */ = {isa = PBXFileReference; fileEncoding = 4; lastKnownFileType = sourcecode.c.objc; path = TPKeyboardAvoidingCollectionView.m; sourceTree = "<group>"; };
		7126A6E220859BE700054ED2 /* UIScrollView+TPKeyboardAvoidingAdditions.h */ = {isa = PBXFileReference; fileEncoding = 4; lastKnownFileType = sourcecode.c.h; path = "UIScrollView+TPKeyboardAvoidingAdditions.h"; sourceTree = "<group>"; };
		7126A6E320859BE700054ED2 /* TPKeyboardAvoidingTableView.h */ = {isa = PBXFileReference; fileEncoding = 4; lastKnownFileType = sourcecode.c.h; path = TPKeyboardAvoidingTableView.h; sourceTree = "<group>"; };
		7126A6E82085A0F800054ED2 /* IssueDetailSection.swift */ = {isa = PBXFileReference; lastKnownFileType = sourcecode.swift; path = IssueDetailSection.swift; sourceTree = "<group>"; };
		7126A6EA2085A11600054ED2 /* IssueDetailTableViewCell.swift */ = {isa = PBXFileReference; lastKnownFileType = sourcecode.swift; path = IssueDetailTableViewCell.swift; sourceTree = "<group>"; };
		7126A6ED2085AC3900054ED2 /* SearchableDataSource.swift */ = {isa = PBXFileReference; lastKnownFileType = sourcecode.swift; path = SearchableDataSource.swift; sourceTree = "<group>"; };
		7163543F2084110A0099930A /* RefreshableTableViewController.swift */ = {isa = PBXFileReference; lastKnownFileType = sourcecode.swift; path = RefreshableTableViewController.swift; sourceTree = "<group>"; };
		71635441208414D90099930A /* Issue.swift */ = {isa = PBXFileReference; lastKnownFileType = sourcecode.swift; path = Issue.swift; sourceTree = "<group>"; };
		716354432084151A0099930A /* Basic.swift */ = {isa = PBXFileReference; lastKnownFileType = sourcecode.swift; path = Basic.swift; sourceTree = "<group>"; };
		71635445208418290099930A /* CustomField.swift */ = {isa = PBXFileReference; lastKnownFileType = sourcecode.swift; path = CustomField.swift; sourceTree = "<group>"; };
		716354472084194E0099930A /* IssuesResult.swift */ = {isa = PBXFileReference; lastKnownFileType = sourcecode.swift; path = IssuesResult.swift; sourceTree = "<group>"; };
		71635449208419710099930A /* BasicResult.swift */ = {isa = PBXFileReference; lastKnownFileType = sourcecode.swift; path = BasicResult.swift; sourceTree = "<group>"; };
		7163544B20841EF10099930A /* IssuesSection.swift */ = {isa = PBXFileReference; lastKnownFileType = sourcecode.swift; path = IssuesSection.swift; sourceTree = "<group>"; };
		7163544D20841F4B0099930A /* IssueTableViewCell.swift */ = {isa = PBXFileReference; lastKnownFileType = sourcecode.swift; path = IssueTableViewCell.swift; sourceTree = "<group>"; };
		7163544F20841F710099930A /* ProjectIssues.storyboard */ = {isa = PBXFileReference; lastKnownFileType = file.storyboard; path = ProjectIssues.storyboard; sourceTree = "<group>"; };
		71635451208424650099930A /* DateStringProcessor.swift */ = {isa = PBXFileReference; lastKnownFileType = sourcecode.swift; path = DateStringProcessor.swift; sourceTree = "<group>"; };
		7163545320842C090099930A /* NoContent.storyboard */ = {isa = PBXFileReference; lastKnownFileType = file.storyboard; path = NoContent.storyboard; sourceTree = "<group>"; };
		7163545520842C510099930A /* NoContentViewController.swift */ = {isa = PBXFileReference; lastKnownFileType = sourcecode.swift; path = NoContentViewController.swift; sourceTree = "<group>"; };
		716AAD73209F701C0049C2C3 /* SearchResult.swift */ = {isa = PBXFileReference; lastKnownFileType = sourcecode.swift; path = SearchResult.swift; sourceTree = "<group>"; };
		716AAD75209F72990049C2C3 /* SearchItem.swift */ = {isa = PBXFileReference; lastKnownFileType = sourcecode.swift; path = SearchItem.swift; sourceTree = "<group>"; };
		7188F23E2086D5A600DE1C7C /* SearchableTableViewController.swift */ = {isa = PBXFileReference; lastKnownFileType = sourcecode.swift; path = SearchableTableViewController.swift; sourceTree = "<group>"; };
		7192B61120857C44007E4C96 /* UserContentLoader.swift */ = {isa = PBXFileReference; lastKnownFileType = sourcecode.swift; path = UserContentLoader.swift; sourceTree = "<group>"; };
		7192B61320858585007E4C96 /* PaddingTextField.swift */ = {isa = PBXFileReference; lastKnownFileType = sourcecode.swift; path = PaddingTextField.swift; sourceTree = "<group>"; };
		71A310F92081BCCB00D79771 /* SessionController.swift */ = {isa = PBXFileReference; lastKnownFileType = sourcecode.swift; path = SessionController.swift; sourceTree = "<group>"; };
		71A3110120824CA600D79771 /* ProjectsResult.swift */ = {isa = PBXFileReference; lastKnownFileType = sourcecode.swift; path = ProjectsResult.swift; sourceTree = "<group>"; };
		71A3110320824D6700D79771 /* Project.swift */ = {isa = PBXFileReference; lastKnownFileType = sourcecode.swift; path = Project.swift; sourceTree = "<group>"; };
		71A3110620824E3F00D79771 /* ApiResultProcessor.swift */ = {isa = PBXFileReference; lastKnownFileType = sourcecode.swift; path = ApiResultProcessor.swift; sourceTree = "<group>"; };
		71D6ABA22082C42B00FE5447 /* ProjectsViewController.swift */ = {isa = PBXFileReference; lastKnownFileType = sourcecode.swift; path = ProjectsViewController.swift; sourceTree = "<group>"; };
		71D6ABA52082C54D00FE5447 /* ProjectsSection.swift */ = {isa = PBXFileReference; lastKnownFileType = sourcecode.swift; path = ProjectsSection.swift; sourceTree = "<group>"; };
		71D6ABA92082C57200FE5447 /* ProjectTableViewCell.swift */ = {isa = PBXFileReference; lastKnownFileType = sourcecode.swift; path = ProjectTableViewCell.swift; sourceTree = "<group>"; };
		71D6ABAB2082C5B900FE5447 /* Projects.storyboard */ = {isa = PBXFileReference; lastKnownFileType = file.storyboard; path = Projects.storyboard; sourceTree = "<group>"; };
		71D6ABAD2082D47500FE5447 /* ConfigurableView.swift */ = {isa = PBXFileReference; lastKnownFileType = sourcecode.swift; path = ConfigurableView.swift; sourceTree = "<group>"; };
		71D6ABAF2082E0D700FE5447 /* ProjectInfoViewController.swift */ = {isa = PBXFileReference; lastKnownFileType = sourcecode.swift; path = ProjectInfoViewController.swift; sourceTree = "<group>"; };
		71D6ABB12082E0F300FE5447 /* ProjectIssuesViewController.swift */ = {isa = PBXFileReference; lastKnownFileType = sourcecode.swift; path = ProjectIssuesViewController.swift; sourceTree = "<group>"; };
		71D6ABB42082EEAD00FE5447 /* Colors.swift */ = {isa = PBXFileReference; lastKnownFileType = sourcecode.swift; path = Colors.swift; sourceTree = "<group>"; };
		71D6ABB62082F17600FE5447 /* Track.swift */ = {isa = PBXFileReference; lastKnownFileType = sourcecode.swift; path = Track.swift; sourceTree = "<group>"; };
		71D6ABB82082F1B300FE5447 /* ProjectResult.swift */ = {isa = PBXFileReference; lastKnownFileType = sourcecode.swift; path = ProjectResult.swift; sourceTree = "<group>"; };
		71DC52DD209D34E00067E135 /* PageCounterController.swift */ = {isa = PBXFileReference; lastKnownFileType = sourcecode.swift; path = PageCounterController.swift; sourceTree = "<group>"; };
		71DC52DF209D376E0067E135 /* LoadMoreCell.swift */ = {isa = PBXFileReference; lastKnownFileType = sourcecode.swift; path = LoadMoreCell.swift; sourceTree = "<group>"; };
		71DC52E1209D37990067E135 /* LoadMoreSection.swift */ = {isa = PBXFileReference; lastKnownFileType = sourcecode.swift; path = LoadMoreSection.swift; sourceTree = "<group>"; };
		71DC52E3209D37EC0067E135 /* LoadMoreViewControllerProtocol.swift */ = {isa = PBXFileReference; lastKnownFileType = sourcecode.swift; path = LoadMoreViewControllerProtocol.swift; sourceTree = "<group>"; };
		71DC52E5209D42E50067E135 /* Values.swift */ = {isa = PBXFileReference; lastKnownFileType = sourcecode.swift; path = Values.swift; sourceTree = "<group>"; };
		71F8F9C420A14D070013DFA6 /* User.swift */ = {isa = PBXFileReference; lastKnownFileType = sourcecode.swift; path = User.swift; sourceTree = "<group>"; };
		71F8F9C620A14D6B0013DFA6 /* Membership.swift */ = {isa = PBXFileReference; lastKnownFileType = sourcecode.swift; path = Membership.swift; sourceTree = "<group>"; };
		71F8F9C820A14D990013DFA6 /* Role.swift */ = {isa = PBXFileReference; lastKnownFileType = sourcecode.swift; path = Role.swift; sourceTree = "<group>"; };
		71F8F9CA20A14F870013DFA6 /* UserResult.swift */ = {isa = PBXFileReference; lastKnownFileType = sourcecode.swift; path = UserResult.swift; sourceTree = "<group>"; };
		C8725F4A126B1F51B6E91D05 /* Pods-Redmine.debug.xcconfig */ = {isa = PBXFileReference; includeInIndex = 1; lastKnownFileType = text.xcconfig; name = "Pods-Redmine.debug.xcconfig"; path = "Pods/Target Support Files/Pods-Redmine/Pods-Redmine.debug.xcconfig"; sourceTree = "<group>"; };
		F62BF0AE5D0B7455DB116132 /* Pods_Redmine.framework */ = {isa = PBXFileReference; explicitFileType = wrapper.framework; includeInIndex = 0; path = Pods_Redmine.framework; sourceTree = BUILT_PRODUCTS_DIR; };
/* End PBXFileReference section */

/* Begin PBXFrameworksBuildPhase section */
		7111F25E2081A560003AD03E /* Frameworks */ = {
			isa = PBXFrameworksBuildPhase;
			buildActionMask = 2147483647;
			files = (
				09CA81D2BC7620A851064041 /* Pods_Redmine.framework in Frameworks */,
			);
			runOnlyForDeploymentPostprocessing = 0;
		};
/* End PBXFrameworksBuildPhase section */

/* Begin PBXGroup section */
		2573EC2FD16C53C87BB382E6 /* Pods */ = {
			isa = PBXGroup;
			children = (
				C8725F4A126B1F51B6E91D05 /* Pods-Redmine.debug.xcconfig */,
				19FA2A3A12DE19CDA55AC6DA /* Pods-Redmine.release.xcconfig */,
			);
			name = Pods;
			sourceTree = "<group>";
		};
		710CA06E209BFE66007A86B7 /* Profile */ = {
			isa = PBXGroup;
			children = (
				710CA06F209BFE6E007A86B7 /* LogoutCell.swift */,
			);
			path = Profile;
			sourceTree = "<group>";
		};
		7111F2582081A560003AD03E = {
			isa = PBXGroup;
			children = (
				7111F2632081A560003AD03E /* Redmine */,
				7111F2622081A560003AD03E /* Products */,
				2573EC2FD16C53C87BB382E6 /* Pods */,
				D0744C6265A65BC974F4EDDB /* Frameworks */,
			);
			sourceTree = "<group>";
		};
		7111F2622081A560003AD03E /* Products */ = {
			isa = PBXGroup;
			children = (
				7111F2612081A560003AD03E /* Redmine.app */,
			);
			name = Products;
			sourceTree = "<group>";
		};
		7111F2632081A560003AD03E /* Redmine */ = {
			isa = PBXGroup;
			children = (
				7111F2892081B876003AD03E /* Redmine.entitlements */,
				7111F2782081A578003AD03E /* Resources */,
				7111F2762081A568003AD03E /* Sources */,
				7111F2792081A585003AD03E /* Supporting Files */,
			);
			path = Redmine;
			sourceTree = "<group>";
		};
		7111F2762081A568003AD03E /* Sources */ = {
			isa = PBXGroup;
			children = (
				7126A6EC2085AC2C00054ED2 /* DataSources */,
				7126A6D920859BD000054ED2 /* External */,
				71D6ABB32082EEA300FE5447 /* Constants */,
				71D6ABA72082C56000FE5447 /* Views */,
				71D6ABA42082C54100FE5447 /* Sections */,
				71A3110520824E3600D79771 /* Processors */,
				71A310FB20823FDC00D79771 /* Model */,
				7111F2862081B777003AD03E /* Ambients */,
				7111F2832081B0B6003AD03E /* Helpers */,
				7111F2802081AB5E003AD03E /* Requests */,
				7111F27B2081A72E003AD03E /* Extensions */,
				7111F2772081A570003AD03E /* Controllers */,
				7111F2642081A560003AD03E /* AppDelegate.swift */,
			);
			path = Sources;
			sourceTree = "<group>";
		};
		7111F2772081A570003AD03E /* Controllers */ = {
			isa = PBXGroup;
			children = (
				71DC52DC209D34D00067E135 /* Controllers */,
				71DC52DB209D34B30067E135 /* View Controllers */,
				7188F23A2086D30100DE1C7C /* Reusable ViewControllers */,
			);
			path = Controllers;
			sourceTree = "<group>";
		};
		7111F2782081A578003AD03E /* Resources */ = {
			isa = PBXGroup;
			children = (
				7111F27A2081A5A0003AD03E /* Storyboards */,
				7111F26B2081A562003AD03E /* Assets.xcassets */,
			);
			path = Resources;
			sourceTree = "<group>";
		};
		7111F2792081A585003AD03E /* Supporting Files */ = {
			isa = PBXGroup;
			children = (
				7126A6DB20859BE600054ED2 /* Redmine-Bridging-Header.h */,
				7111F2702081A562003AD03E /* Info.plist */,
			);
			path = "Supporting Files";
			sourceTree = "<group>";
		};
		7111F27A2081A5A0003AD03E /* Storyboards */ = {
			isa = PBXGroup;
			children = (
				7111F26D2081A562003AD03E /* LaunchScreen.storyboard */,
				7111F2682081A560003AD03E /* Login.storyboard */,
				71D6ABAB2082C5B900FE5447 /* Projects.storyboard */,
				7163544F20841F710099930A /* ProjectIssues.storyboard */,
				7163545320842C090099930A /* NoContent.storyboard */,
				710CA06A209BFA56007A86B7 /* Profile.storyboard */,
			);
			path = Storyboards;
			sourceTree = "<group>";
		};
		7111F27B2081A72E003AD03E /* Extensions */ = {
			isa = PBXGroup;
			children = (
				7111F27C2081A73C003AD03E /* UIViewController+instantiate.swift */,
				7111F27E2081A751003AD03E /* NSObject+className.swift */,
			);
			path = Extensions;
			sourceTree = "<group>";
		};
		7111F2802081AB5E003AD03E /* Requests */ = {
			isa = PBXGroup;
			children = (
				71A310FC2082400D00D79771 /* Model */,
				7111F2812081AB71003AD03E /* Request.swift */,
				7192B61120857C44007E4C96 /* UserContentLoader.swift */,
			);
			path = Requests;
			sourceTree = "<group>";
		};
		7111F2832081B0B6003AD03E /* Helpers */ = {
			isa = PBXGroup;
			children = (
				7111F2842081B0C0003AD03E /* GlobalFunc.swift */,
			);
			path = Helpers;
			sourceTree = "<group>";
		};
		7111F2862081B777003AD03E /* Ambients */ = {
			isa = PBXGroup;
			children = (
				7111F2872081B78C003AD03E /* Ambients.swift */,
			);
			path = Ambients;
			sourceTree = "<group>";
		};
		7126A6D920859BD000054ED2 /* External */ = {
			isa = PBXGroup;
			children = (
				7126A6DA20859BD600054ED2 /* TPKeyboardAvoiding */,
			);
			path = External;
			sourceTree = "<group>";
		};
		7126A6DA20859BD600054ED2 /* TPKeyboardAvoiding */ = {
			isa = PBXGroup;
			children = (
				7126A6DC20859BE700054ED2 /* TPKeyboardAvoidingCollectionView.h */,
				7126A6E120859BE700054ED2 /* TPKeyboardAvoidingCollectionView.m */,
				7126A6DD20859BE700054ED2 /* TPKeyboardAvoidingScrollView.h */,
				7126A6E020859BE700054ED2 /* TPKeyboardAvoidingScrollView.m */,
				7126A6E320859BE700054ED2 /* TPKeyboardAvoidingTableView.h */,
				7126A6DF20859BE700054ED2 /* TPKeyboardAvoidingTableView.m */,
				7126A6E220859BE700054ED2 /* UIScrollView+TPKeyboardAvoidingAdditions.h */,
				7126A6DE20859BE700054ED2 /* UIScrollView+TPKeyboardAvoidingAdditions.m */,
			);
			path = TPKeyboardAvoiding;
			sourceTree = "<group>";
		};
		7126A6EC2085AC2C00054ED2 /* DataSources */ = {
			isa = PBXGroup;
			children = (
				7126A6ED2085AC3900054ED2 /* SearchableDataSource.swift */,
			);
			path = DataSources;
			sourceTree = "<group>";
		};
		7188F23A2086D30100DE1C7C /* Reusable ViewControllers */ = {
			isa = PBXGroup;
			children = (
				7188F23D2086D59500DE1C7C /* Protocols */,
				7163543F2084110A0099930A /* RefreshableTableViewController.swift */,
				7188F23E2086D5A600DE1C7C /* SearchableTableViewController.swift */,
			);
			path = "Reusable ViewControllers";
			sourceTree = "<group>";
		};
		7188F23D2086D59500DE1C7C /* Protocols */ = {
			isa = PBXGroup;
			children = (
				71DC52E3209D37EC0067E135 /* LoadMoreViewControllerProtocol.swift */,
			);
			path = Protocols;
			sourceTree = "<group>";
		};
		71A310FB20823FDC00D79771 /* Model */ = {
			isa = PBXGroup;
			children = (
				716354432084151A0099930A /* Basic.swift */,
				71A3110320824D6700D79771 /* Project.swift */,
				71D6ABB62082F17600FE5447 /* Track.swift */,
				71635441208414D90099930A /* Issue.swift */,
				71635445208418290099930A /* CustomField.swift */,
				716AAD75209F72990049C2C3 /* SearchItem.swift */,
				71F8F9C420A14D070013DFA6 /* User.swift */,
				71F8F9C620A14D6B0013DFA6 /* Membership.swift */,
				71F8F9C820A14D990013DFA6 /* Role.swift */,
			);
			path = Model;
			sourceTree = "<group>";
		};
		71A310FC2082400D00D79771 /* Model */ = {
			isa = PBXGroup;
			children = (
				71635449208419710099930A /* BasicResult.swift */,
				71A3110120824CA600D79771 /* ProjectsResult.swift */,
				71D6ABB82082F1B300FE5447 /* ProjectResult.swift */,
				716354472084194E0099930A /* IssuesResult.swift */,
				716AAD73209F701C0049C2C3 /* SearchResult.swift */,
				71F8F9CA20A14F870013DFA6 /* UserResult.swift */,
			);
			path = Model;
			sourceTree = "<group>";
		};
		71A3110520824E3600D79771 /* Processors */ = {
			isa = PBXGroup;
			children = (
				71A3110620824E3F00D79771 /* ApiResultProcessor.swift */,
				71635451208424650099930A /* DateStringProcessor.swift */,
			);
			path = Processors;
			sourceTree = "<group>";
		};
		71D6ABA42082C54100FE5447 /* Sections */ = {
			isa = PBXGroup;
			children = (
				71D6ABA52082C54D00FE5447 /* ProjectsSection.swift */,
				7163544B20841EF10099930A /* IssuesSection.swift */,
				7126A6E82085A0F800054ED2 /* IssueDetailSection.swift */,
				710CA06C209BFDB0007A86B7 /* ProfileSection.swift */,
				71DC52E1209D37990067E135 /* LoadMoreSection.swift */,
			);
			path = Sections;
			sourceTree = "<group>";
		};
		71D6ABA72082C56000FE5447 /* Views */ = {
			isa = PBXGroup;
			children = (
				71D6ABA82082C56500FE5447 /* Cells */,
				71D6ABAD2082D47500FE5447 /* ConfigurableView.swift */,
				7192B61320858585007E4C96 /* PaddingTextField.swift */,
			);
			path = Views;
			sourceTree = "<group>";
		};
		71D6ABA82082C56500FE5447 /* Cells */ = {
			isa = PBXGroup;
			children = (
				710CA06E209BFE66007A86B7 /* Profile */,
				71D6ABA92082C57200FE5447 /* ProjectTableViewCell.swift */,
				7163544D20841F4B0099930A /* IssueTableViewCell.swift */,
				7126A6EA2085A11600054ED2 /* IssueDetailTableViewCell.swift */,
				71DC52DF209D376E0067E135 /* LoadMoreCell.swift */,
			);
			path = Cells;
			sourceTree = "<group>";
		};
		71D6ABB32082EEA300FE5447 /* Constants */ = {
			isa = PBXGroup;
			children = (
				71D6ABB42082EEAD00FE5447 /* Colors.swift */,
				71DC52E5209D42E50067E135 /* Values.swift */,
			);
			path = Constants;
			sourceTree = "<group>";
		};
		71DC52DB209D34B30067E135 /* View Controllers */ = {
			isa = PBXGroup;
			children = (
				7111F2662081A560003AD03E /* LoginViewController.swift */,
				71D6ABA22082C42B00FE5447 /* ProjectsViewController.swift */,
				71D6ABAF2082E0D700FE5447 /* ProjectInfoViewController.swift */,
				71D6ABB12082E0F300FE5447 /* ProjectIssuesViewController.swift */,
				7163545520842C510099930A /* NoContentViewController.swift */,
				710CA068209BFA15007A86B7 /* ProfileViewController.swift */,
			);
			path = "View Controllers";
			sourceTree = "<group>";
		};
		71DC52DC209D34D00067E135 /* Controllers */ = {
			isa = PBXGroup;
			children = (
				71A310F92081BCCB00D79771 /* SessionController.swift */,
				71DC52DD209D34E00067E135 /* PageCounterController.swift */,
			);
			path = Controllers;
			sourceTree = "<group>";
		};
		D0744C6265A65BC974F4EDDB /* Frameworks */ = {
			isa = PBXGroup;
			children = (
				F62BF0AE5D0B7455DB116132 /* Pods_Redmine.framework */,
			);
			name = Frameworks;
			sourceTree = "<group>";
		};
/* End PBXGroup section */

/* Begin PBXNativeTarget section */
		7111F2602081A560003AD03E /* Redmine */ = {
			isa = PBXNativeTarget;
			buildConfigurationList = 7111F2732081A562003AD03E /* Build configuration list for PBXNativeTarget "Redmine" */;
			buildPhases = (
				C014F5062CAAC289367AF479 /* [CP] Check Pods Manifest.lock */,
				7111F25D2081A560003AD03E /* Sources */,
				7111F25E2081A560003AD03E /* Frameworks */,
				7111F25F2081A560003AD03E /* Resources */,
				17D2B95B1405EB7F59DA46D4 /* [CP] Embed Pods Frameworks */,
			);
			buildRules = (
			);
			dependencies = (
			);
			name = Redmine;
			productName = Redmine;
			productReference = 7111F2612081A560003AD03E /* Redmine.app */;
			productType = "com.apple.product-type.application";
		};
/* End PBXNativeTarget section */

/* Begin PBXProject section */
		7111F2592081A560003AD03E /* Project object */ = {
			isa = PBXProject;
			attributes = {
				LastSwiftUpdateCheck = 0930;
				LastUpgradeCheck = 0930;
				ORGANIZATIONNAME = InsaniTech;
				TargetAttributes = {
					7111F2602081A560003AD03E = {
						CreatedOnToolsVersion = 9.3;
						LastSwiftMigration = 0930;
						SystemCapabilities = {
							com.apple.Keychain = {
								enabled = 1;
							};
						};
					};
				};
			};
			buildConfigurationList = 7111F25C2081A560003AD03E /* Build configuration list for PBXProject "Redmine" */;
			compatibilityVersion = "Xcode 9.3";
			developmentRegion = en;
			hasScannedForEncodings = 0;
			knownRegions = (
				en,
				Base,
			);
			mainGroup = 7111F2582081A560003AD03E;
			productRefGroup = 7111F2622081A560003AD03E /* Products */;
			projectDirPath = "";
			projectRoot = "";
			targets = (
				7111F2602081A560003AD03E /* Redmine */,
			);
		};
/* End PBXProject section */

/* Begin PBXResourcesBuildPhase section */
		7111F25F2081A560003AD03E /* Resources */ = {
			isa = PBXResourcesBuildPhase;
			buildActionMask = 2147483647;
			files = (
				71D6ABAC2082C5B900FE5447 /* Projects.storyboard in Resources */,
				7111F26F2081A562003AD03E /* LaunchScreen.storyboard in Resources */,
				7111F26C2081A562003AD03E /* Assets.xcassets in Resources */,
				7163545420842C090099930A /* NoContent.storyboard in Resources */,
				7111F26A2081A560003AD03E /* Login.storyboard in Resources */,
				710CA06B209BFA56007A86B7 /* Profile.storyboard in Resources */,
				7163545020841F710099930A /* ProjectIssues.storyboard in Resources */,
			);
			runOnlyForDeploymentPostprocessing = 0;
		};
/* End PBXResourcesBuildPhase section */

/* Begin PBXShellScriptBuildPhase section */
		17D2B95B1405EB7F59DA46D4 /* [CP] Embed Pods Frameworks */ = {
			isa = PBXShellScriptBuildPhase;
			buildActionMask = 2147483647;
			files = (
			);
			inputPaths = (
				"${SRCROOT}/Pods/Target Support Files/Pods-Redmine/Pods-Redmine-frameworks.sh",
				"${BUILT_PRODUCTS_DIR}/Alamofire/Alamofire.framework",
				"${BUILT_PRODUCTS_DIR}/GenericDataSourceSwift/GenericDataSourceSwift.framework",
				"${BUILT_PRODUCTS_DIR}/KeychainAccess/KeychainAccess.framework",
				"${BUILT_PRODUCTS_DIR}/PKHUD/PKHUD.framework",
				"${BUILT_PRODUCTS_DIR}/Reachability/Reachability.framework",
				"${BUILT_PRODUCTS_DIR}/Swift.Json/Swift_Json.framework",
				"${BUILT_PRODUCTS_DIR}/SwiftyTimer/SwiftyTimer.framework",
				"${BUILT_PRODUCTS_DIR}/UIColor-HexString/UIColor_HexString.framework",
			);
			name = "[CP] Embed Pods Frameworks";
			outputPaths = (
				"${TARGET_BUILD_DIR}/${FRAMEWORKS_FOLDER_PATH}/Alamofire.framework",
				"${TARGET_BUILD_DIR}/${FRAMEWORKS_FOLDER_PATH}/GenericDataSourceSwift.framework",
				"${TARGET_BUILD_DIR}/${FRAMEWORKS_FOLDER_PATH}/KeychainAccess.framework",
				"${TARGET_BUILD_DIR}/${FRAMEWORKS_FOLDER_PATH}/PKHUD.framework",
				"${TARGET_BUILD_DIR}/${FRAMEWORKS_FOLDER_PATH}/Reachability.framework",
				"${TARGET_BUILD_DIR}/${FRAMEWORKS_FOLDER_PATH}/Swift_Json.framework",
				"${TARGET_BUILD_DIR}/${FRAMEWORKS_FOLDER_PATH}/SwiftyTimer.framework",
				"${TARGET_BUILD_DIR}/${FRAMEWORKS_FOLDER_PATH}/UIColor_HexString.framework",
			);
			runOnlyForDeploymentPostprocessing = 0;
			shellPath = /bin/sh;
			shellScript = "\"${SRCROOT}/Pods/Target Support Files/Pods-Redmine/Pods-Redmine-frameworks.sh\"\n";
			showEnvVarsInLog = 0;
		};
		C014F5062CAAC289367AF479 /* [CP] Check Pods Manifest.lock */ = {
			isa = PBXShellScriptBuildPhase;
			buildActionMask = 2147483647;
			files = (
			);
			inputPaths = (
				"${PODS_PODFILE_DIR_PATH}/Podfile.lock",
				"${PODS_ROOT}/Manifest.lock",
			);
			name = "[CP] Check Pods Manifest.lock";
			outputPaths = (
				"$(DERIVED_FILE_DIR)/Pods-Redmine-checkManifestLockResult.txt",
			);
			runOnlyForDeploymentPostprocessing = 0;
			shellPath = /bin/sh;
			shellScript = "diff \"${PODS_PODFILE_DIR_PATH}/Podfile.lock\" \"${PODS_ROOT}/Manifest.lock\" > /dev/null\nif [ $? != 0 ] ; then\n    # print error to STDERR\n    echo \"error: The sandbox is not in sync with the Podfile.lock. Run 'pod install' or update your CocoaPods installation.\" >&2\n    exit 1\nfi\n# This output is used by Xcode 'outputs' to avoid re-running this script phase.\necho \"SUCCESS\" > \"${SCRIPT_OUTPUT_FILE_0}\"\n";
			showEnvVarsInLog = 0;
		};
/* End PBXShellScriptBuildPhase section */

/* Begin PBXSourcesBuildPhase section */
		7111F25D2081A560003AD03E /* Sources */ = {
			isa = PBXSourcesBuildPhase;
			buildActionMask = 2147483647;
			files = (
				71D6ABAE2082D47500FE5447 /* ConfigurableView.swift in Sources */,
				7163544C20841EF10099930A /* IssuesSection.swift in Sources */,
				71635442208414D90099930A /* Issue.swift in Sources */,
				71D6ABB52082EEAD00FE5447 /* Colors.swift in Sources */,
				71635446208418290099930A /* CustomField.swift in Sources */,
				71D6ABA32082C42B00FE5447 /* ProjectsViewController.swift in Sources */,
				716354482084194E0099930A /* IssuesResult.swift in Sources */,
				71DC52E6209D42E50067E135 /* Values.swift in Sources */,
				71D6ABAA2082C57200FE5447 /* ProjectTableViewCell.swift in Sources */,
				7163544A208419710099930A /* BasicResult.swift in Sources */,
				71D6ABB72082F17600FE5447 /* Track.swift in Sources */,
				7126A6E720859BE700054ED2 /* TPKeyboardAvoidingCollectionView.m in Sources */,
				716354402084110A0099930A /* RefreshableTableViewController.swift in Sources */,
				7126A6EE2085AC3900054ED2 /* SearchableDataSource.swift in Sources */,
				7163545620842C510099930A /* NoContentViewController.swift in Sources */,
				71D6ABB22082E0F300FE5447 /* ProjectIssuesViewController.swift in Sources */,
				71A3110220824CA600D79771 /* ProjectsResult.swift in Sources */,
				7111F2882081B78C003AD03E /* Ambients.swift in Sources */,
				716354442084151A0099930A /* Basic.swift in Sources */,
				71F8F9C720A14D6B0013DFA6 /* Membership.swift in Sources */,
				71DC52E2209D37990067E135 /* LoadMoreSection.swift in Sources */,
				7126A6E420859BE700054ED2 /* UIScrollView+TPKeyboardAvoidingAdditions.m in Sources */,
				71D6ABB92082F1B300FE5447 /* ProjectResult.swift in Sources */,
				7188F23F2086D5A600DE1C7C /* SearchableTableViewController.swift in Sources */,
				7192B61420858585007E4C96 /* PaddingTextField.swift in Sources */,
				71F8F9C920A14D990013DFA6 /* Role.swift in Sources */,
				7126A6E520859BE700054ED2 /* TPKeyboardAvoidingTableView.m in Sources */,
				7111F2822081AB71003AD03E /* Request.swift in Sources */,
				7126A6E620859BE700054ED2 /* TPKeyboardAvoidingScrollView.m in Sources */,
				71D6ABA62082C54D00FE5447 /* ProjectsSection.swift in Sources */,
				710CA070209BFE6E007A86B7 /* LogoutCell.swift in Sources */,
				71A3110420824D6700D79771 /* Project.swift in Sources */,
				71A310FA2081BCCB00D79771 /* SessionController.swift in Sources */,
				7126A6EB2085A11600054ED2 /* IssueDetailTableViewCell.swift in Sources */,
				7111F27D2081A73C003AD03E /* UIViewController+instantiate.swift in Sources */,
				71F8F9CB20A14F870013DFA6 /* UserResult.swift in Sources */,
				7126A6E92085A0F800054ED2 /* IssueDetailSection.swift in Sources */,
				716AAD76209F72990049C2C3 /* SearchItem.swift in Sources */,
				710CA06D209BFDB0007A86B7 /* ProfileSection.swift in Sources */,
				71DC52E0209D376E0067E135 /* LoadMoreCell.swift in Sources */,
				716AAD74209F701C0049C2C3 /* SearchResult.swift in Sources */,
				71DC52E4209D37EC0067E135 /* LoadMoreViewControllerProtocol.swift in Sources */,
				7111F27F2081A751003AD03E /* NSObject+className.swift in Sources */,
				7111F2672081A560003AD03E /* LoginViewController.swift in Sources */,
				71F8F9C520A14D070013DFA6 /* User.swift in Sources */,
				7192B61220857C44007E4C96 /* UserContentLoader.swift in Sources */,
				71D6ABB02082E0D700FE5447 /* ProjectInfoViewController.swift in Sources */,
				71A3110720824E3F00D79771 /* ApiResultProcessor.swift in Sources */,
				710CA069209BFA15007A86B7 /* ProfileViewController.swift in Sources */,
				7111F2852081B0C0003AD03E /* GlobalFunc.swift in Sources */,
				7111F2652081A560003AD03E /* AppDelegate.swift in Sources */,
				71635452208424650099930A /* DateStringProcessor.swift in Sources */,
				7163544E20841F4B0099930A /* IssueTableViewCell.swift in Sources */,
				71DC52DE209D34E00067E135 /* PageCounterController.swift in Sources */,
			);
			runOnlyForDeploymentPostprocessing = 0;
		};
/* End PBXSourcesBuildPhase section */

/* Begin PBXVariantGroup section */
		7111F2682081A560003AD03E /* Login.storyboard */ = {
			isa = PBXVariantGroup;
			children = (
				7111F2692081A560003AD03E /* Base */,
			);
			name = Login.storyboard;
			sourceTree = "<group>";
		};
		7111F26D2081A562003AD03E /* LaunchScreen.storyboard */ = {
			isa = PBXVariantGroup;
			children = (
				7111F26E2081A562003AD03E /* Base */,
			);
			name = LaunchScreen.storyboard;
			sourceTree = "<group>";
		};
/* End PBXVariantGroup section */

/* Begin XCBuildConfiguration section */
		7111F2712081A562003AD03E /* Debug */ = {
			isa = XCBuildConfiguration;
			buildSettings = {
				ALWAYS_SEARCH_USER_PATHS = NO;
				CLANG_ANALYZER_NONNULL = YES;
				CLANG_ANALYZER_NUMBER_OBJECT_CONVERSION = YES_AGGRESSIVE;
				CLANG_CXX_LANGUAGE_STANDARD = "gnu++14";
				CLANG_CXX_LIBRARY = "libc++";
				CLANG_ENABLE_MODULES = YES;
				CLANG_ENABLE_OBJC_ARC = YES;
				CLANG_ENABLE_OBJC_WEAK = YES;
				CLANG_WARN_BLOCK_CAPTURE_AUTORELEASING = YES;
				CLANG_WARN_BOOL_CONVERSION = YES;
				CLANG_WARN_COMMA = YES;
				CLANG_WARN_CONSTANT_CONVERSION = YES;
				CLANG_WARN_DEPRECATED_OBJC_IMPLEMENTATIONS = YES;
				CLANG_WARN_DIRECT_OBJC_ISA_USAGE = YES_ERROR;
				CLANG_WARN_DOCUMENTATION_COMMENTS = YES;
				CLANG_WARN_EMPTY_BODY = YES;
				CLANG_WARN_ENUM_CONVERSION = YES;
				CLANG_WARN_INFINITE_RECURSION = YES;
				CLANG_WARN_INT_CONVERSION = YES;
				CLANG_WARN_NON_LITERAL_NULL_CONVERSION = YES;
				CLANG_WARN_OBJC_IMPLICIT_RETAIN_SELF = YES;
				CLANG_WARN_OBJC_LITERAL_CONVERSION = YES;
				CLANG_WARN_OBJC_ROOT_CLASS = YES_ERROR;
				CLANG_WARN_RANGE_LOOP_ANALYSIS = YES;
				CLANG_WARN_STRICT_PROTOTYPES = YES;
				CLANG_WARN_SUSPICIOUS_MOVE = YES;
				CLANG_WARN_UNGUARDED_AVAILABILITY = YES_AGGRESSIVE;
				CLANG_WARN_UNREACHABLE_CODE = YES;
				CLANG_WARN__DUPLICATE_METHOD_MATCH = YES;
				CODE_SIGN_IDENTITY = "iPhone Developer";
				COPY_PHASE_STRIP = NO;
				DEBUG_INFORMATION_FORMAT = dwarf;
				ENABLE_STRICT_OBJC_MSGSEND = YES;
				ENABLE_TESTABILITY = YES;
				GCC_C_LANGUAGE_STANDARD = gnu11;
				GCC_DYNAMIC_NO_PIC = NO;
				GCC_NO_COMMON_BLOCKS = YES;
				GCC_OPTIMIZATION_LEVEL = 0;
				GCC_PREPROCESSOR_DEFINITIONS = (
					"DEBUG=1",
					"$(inherited)",
				);
				GCC_WARN_64_TO_32_BIT_CONVERSION = YES;
				GCC_WARN_ABOUT_RETURN_TYPE = YES_ERROR;
				GCC_WARN_UNDECLARED_SELECTOR = YES;
				GCC_WARN_UNINITIALIZED_AUTOS = YES_AGGRESSIVE;
				GCC_WARN_UNUSED_FUNCTION = YES;
				GCC_WARN_UNUSED_VARIABLE = YES;
				IPHONEOS_DEPLOYMENT_TARGET = 9.0;
				MTL_ENABLE_DEBUG_INFO = YES;
				ONLY_ACTIVE_ARCH = YES;
				SDKROOT = iphoneos;
				SWIFT_ACTIVE_COMPILATION_CONDITIONS = DEBUG;
				SWIFT_OPTIMIZATION_LEVEL = "-Onone";
			};
			name = Debug;
		};
		7111F2722081A562003AD03E /* Release */ = {
			isa = XCBuildConfiguration;
			buildSettings = {
				ALWAYS_SEARCH_USER_PATHS = NO;
				CLANG_ANALYZER_NONNULL = YES;
				CLANG_ANALYZER_NUMBER_OBJECT_CONVERSION = YES_AGGRESSIVE;
				CLANG_CXX_LANGUAGE_STANDARD = "gnu++14";
				CLANG_CXX_LIBRARY = "libc++";
				CLANG_ENABLE_MODULES = YES;
				CLANG_ENABLE_OBJC_ARC = YES;
				CLANG_ENABLE_OBJC_WEAK = YES;
				CLANG_WARN_BLOCK_CAPTURE_AUTORELEASING = YES;
				CLANG_WARN_BOOL_CONVERSION = YES;
				CLANG_WARN_COMMA = YES;
				CLANG_WARN_CONSTANT_CONVERSION = YES;
				CLANG_WARN_DEPRECATED_OBJC_IMPLEMENTATIONS = YES;
				CLANG_WARN_DIRECT_OBJC_ISA_USAGE = YES_ERROR;
				CLANG_WARN_DOCUMENTATION_COMMENTS = YES;
				CLANG_WARN_EMPTY_BODY = YES;
				CLANG_WARN_ENUM_CONVERSION = YES;
				CLANG_WARN_INFINITE_RECURSION = YES;
				CLANG_WARN_INT_CONVERSION = YES;
				CLANG_WARN_NON_LITERAL_NULL_CONVERSION = YES;
				CLANG_WARN_OBJC_IMPLICIT_RETAIN_SELF = YES;
				CLANG_WARN_OBJC_LITERAL_CONVERSION = YES;
				CLANG_WARN_OBJC_ROOT_CLASS = YES_ERROR;
				CLANG_WARN_RANGE_LOOP_ANALYSIS = YES;
				CLANG_WARN_STRICT_PROTOTYPES = YES;
				CLANG_WARN_SUSPICIOUS_MOVE = YES;
				CLANG_WARN_UNGUARDED_AVAILABILITY = YES_AGGRESSIVE;
				CLANG_WARN_UNREACHABLE_CODE = YES;
				CLANG_WARN__DUPLICATE_METHOD_MATCH = YES;
				CODE_SIGN_IDENTITY = "iPhone Developer";
				COPY_PHASE_STRIP = NO;
				DEBUG_INFORMATION_FORMAT = "dwarf-with-dsym";
				ENABLE_NS_ASSERTIONS = NO;
				ENABLE_STRICT_OBJC_MSGSEND = YES;
				GCC_C_LANGUAGE_STANDARD = gnu11;
				GCC_NO_COMMON_BLOCKS = YES;
				GCC_WARN_64_TO_32_BIT_CONVERSION = YES;
				GCC_WARN_ABOUT_RETURN_TYPE = YES_ERROR;
				GCC_WARN_UNDECLARED_SELECTOR = YES;
				GCC_WARN_UNINITIALIZED_AUTOS = YES_AGGRESSIVE;
				GCC_WARN_UNUSED_FUNCTION = YES;
				GCC_WARN_UNUSED_VARIABLE = YES;
				IPHONEOS_DEPLOYMENT_TARGET = 9.0;
				MTL_ENABLE_DEBUG_INFO = NO;
				SDKROOT = iphoneos;
				SWIFT_COMPILATION_MODE = wholemodule;
				SWIFT_OPTIMIZATION_LEVEL = "-O";
				VALIDATE_PRODUCT = YES;
			};
			name = Release;
		};
		7111F2742081A562003AD03E /* Debug */ = {
			isa = XCBuildConfiguration;
			baseConfigurationReference = C8725F4A126B1F51B6E91D05 /* Pods-Redmine.debug.xcconfig */;
			buildSettings = {
				ASSETCATALOG_COMPILER_APPICON_NAME = AppIcon;
				CLANG_ENABLE_MODULES = YES;
				CODE_SIGN_ENTITLEMENTS = Redmine/Redmine.entitlements;
				CODE_SIGN_STYLE = Automatic;
				DEVELOPMENT_TEAM = EUPS925RGY;
				INFOPLIST_FILE = "$(SRCROOT)/Redmine/Supporting Files/Info.plist";
				LD_RUNPATH_SEARCH_PATHS = (
					"$(inherited)",
					"@executable_path/Frameworks",
				);
				PRODUCT_BUNDLE_IDENTIFIER = br.com.insanitech.imessage;
				PRODUCT_NAME = "$(TARGET_NAME)";
				SWIFT_OBJC_BRIDGING_HEADER = "Redmine/Supporting Files/Redmine-Bridging-Header.h";
				SWIFT_OPTIMIZATION_LEVEL = "-Onone";
				SWIFT_VERSION = 4.0;
				TARGETED_DEVICE_FAMILY = "1,2";
			};
			name = Debug;
		};
		7111F2752081A562003AD03E /* Release */ = {
			isa = XCBuildConfiguration;
			baseConfigurationReference = 19FA2A3A12DE19CDA55AC6DA /* Pods-Redmine.release.xcconfig */;
			buildSettings = {
				ASSETCATALOG_COMPILER_APPICON_NAME = AppIcon;
				CLANG_ENABLE_MODULES = YES;
				CODE_SIGN_ENTITLEMENTS = Redmine/Redmine.entitlements;
				CODE_SIGN_STYLE = Automatic;
				DEVELOPMENT_TEAM = EUPS925RGY;
				INFOPLIST_FILE = "$(SRCROOT)/Redmine/Supporting Files/Info.plist";
				LD_RUNPATH_SEARCH_PATHS = (
					"$(inherited)",
					"@executable_path/Frameworks",
				);
				PRODUCT_BUNDLE_IDENTIFIER = br.com.insanitech.imessage;
				PRODUCT_NAME = "$(TARGET_NAME)";
				SWIFT_OBJC_BRIDGING_HEADER = "Redmine/Supporting Files/Redmine-Bridging-Header.h";
				SWIFT_VERSION = 4.0;
				TARGETED_DEVICE_FAMILY = "1,2";
			};
			name = Release;
		};
/* End XCBuildConfiguration section */

/* Begin XCConfigurationList section */
		7111F25C2081A560003AD03E /* Build configuration list for PBXProject "Redmine" */ = {
			isa = XCConfigurationList;
			buildConfigurations = (
				7111F2712081A562003AD03E /* Debug */,
				7111F2722081A562003AD03E /* Release */,
			);
			defaultConfigurationIsVisible = 0;
			defaultConfigurationName = Release;
		};
		7111F2732081A562003AD03E /* Build configuration list for PBXNativeTarget "Redmine" */ = {
			isa = XCConfigurationList;
			buildConfigurations = (
				7111F2742081A562003AD03E /* Debug */,
				7111F2752081A562003AD03E /* Release */,
			);
			defaultConfigurationIsVisible = 0;
			defaultConfigurationName = Release;
		};
/* End XCConfigurationList section */
	};
	rootObject = 7111F2592081A560003AD03E /* Project object */;
}
